
Microsoft Visual Studio Solution File, Format Version 12.00
# Visual Studio Version 17
VisualStudioVersion = 17.4.33205.214
MinimumVisualStudioVersion = 10.0.40219.1
Project("{2150E333-8FDC-42A3-9474-1A3956D46DE8}") = "Admin", "Admin", "{4F215CF4-8CE6-4784-AD35-FF53AF061E85}"
EndProject
Project("{2150E333-8FDC-42A3-9474-1A3956D46DE8}") = "Client", "Client", "{D2F9FF77-11D7-4261-B67B-A98EEF888F50}"
EndProject
Project("{2150E333-8FDC-42A3-9474-1A3956D46DE8}") = "Docs", "Docs", "{CA548134-8363-49A9-8E18-52E3B7D81465}"
	ProjectSection(SolutionItems) = preProject
		docs\Clean Architecture 2.png = docs\Clean Architecture 2.png
		docs\Clean Architecture.png = docs\Clean Architecture.png
		docs\docker-compose.yml = docs\docker-compose.yml
	EndProjectSection
EndProject
Project("{2150E333-8FDC-42A3-9474-1A3956D46DE8}") = "External", "External", "{20636AB7-8E31-4E1A-BD26-AC2138A07B27}"
EndProject
Project("{2150E333-8FDC-42A3-9474-1A3956D46DE8}") = "Services", "Services", "{AC1A1465-8BF5-4C05-8EB6-335A69AA77DB}"
EndProject
Project("{2150E333-8FDC-42A3-9474-1A3956D46DE8}") = "Shared", "Shared", "{B1453CD3-A334-4213-8FD7-5D4B1C5F43DC}"
EndProject
Project("{2150E333-8FDC-42A3-9474-1A3956D46DE8}") = "Test", "Test", "{FAB2A758-9ECC-4F76-8CC3-BDCDD4848B8F}"
EndProject
Project("{2150E333-8FDC-42A3-9474-1A3956D46DE8}") = "Mobile", "Mobile", "{65E870B5-D617-47E9-8E08-9546E8E89A7E}"
EndProject
Project("{2150E333-8FDC-42A3-9474-1A3956D46DE8}") = "Web", "Web", "{C9426191-E30F-4EEE-86B8-C005D0A9D40D}"
EndProject
Project("{2150E333-8FDC-42A3-9474-1A3956D46DE8}") = "Bootstrapper", "Bootstrapper", "{A89004A6-8B62-41B1-A90B-AE899230F050}"
EndProject
Project("{2150E333-8FDC-42A3-9474-1A3956D46DE8}") = "Web", "Web", "{B47AF43D-FE05-4503-884C-8C65A0F95742}"
EndProject
Project("{9A19103F-16F7-4668-BE54-9A1E7A4F7556}") = "TN.Client.Mobile.BlazorServer", "TN.Client.Mobile.BlazorServer\TN.Client.Mobile.BlazorServer.csproj", "{C5006E3A-A438-41AC-9C22-E37EEA656DFA}"
EndProject
Project("{9A19103F-16F7-4668-BE54-9A1E7A4F7556}") = "TN.Client.Mobile.BlazorWasm", "TN.Client.Mobile.BlazorWasm\TN.Client.Mobile.BlazorWasm.csproj", "{C2A60BFA-7FD1-48CC-91A9-3293EB939FF7}"
EndProject
Project("{2150E333-8FDC-42A3-9474-1A3956D46DE8}") = "Background", "Background", "{FF790976-0CD8-4DC3-B024-5ECCADFAFB5C}"
EndProject
Project("{9A19103F-16F7-4668-BE54-9A1E7A4F7556}") = "TN.Services.Background.WorkerService", "TN.Services.Background.WorkerService\TN.Services.Background.WorkerService.csproj", "{1E66A24D-B43E-433B-A3D0-D61F321B8972}"
EndProject
Project("{2150E333-8FDC-42A3-9474-1A3956D46DE8}") = "Components", "Components", "{04D9959E-2D3C-4ECA-BBDC-45E8DBC7104C}"
EndProject
Project("{9A19103F-16F7-4668-BE54-9A1E7A4F7556}") = "TN.Client.Components.Shared", "TN.Client.Components.Shared\TN.Client.Components.Shared.csproj", "{F9978C4D-23E8-4A56-8CF7-8C6377EB1E12}"
EndProject
Project("{2150E333-8FDC-42A3-9474-1A3956D46DE8}") = "Modules", "Modules", "{5FF09FDB-5E8A-4E1B-BD55-30F8A99B6193}"
EndProject
Project("{2150E333-8FDC-42A3-9474-1A3956D46DE8}") = "Identity", "Identity", "{A947DA45-5F65-4B2F-8DC8-555839368B43}"
EndProject
Project("{2150E333-8FDC-42A3-9474-1A3956D46DE8}") = "Remittance", "Remittance", "{8C28F230-F8CD-4B53-A0B8-56A9F321293B}"
EndProject
Project("{2150E333-8FDC-42A3-9474-1A3956D46DE8}") = "Logger", "Logger", "{BFDDCB8E-F789-4F3B-9247-9BB108AA799B}"
EndProject
Project("{2150E333-8FDC-42A3-9474-1A3956D46DE8}") = "Notification", "Notification", "{90788598-17DE-4B25-B21C-0100852D3EF4}"
EndProject
Project("{9A19103F-16F7-4668-BE54-9A1E7A4F7556}") = "TN.Admin.Web.ASPCore", "TN.Admin.Web.ASPCore\TN.Admin.Web.ASPCore.csproj", "{84673470-16A5-4822-8E9F-EF8E8FA3B8F5}"
EndProject
Project("{2150E333-8FDC-42A3-9474-1A3956D46DE8}") = "Services", "Services", "{EEAFCBC4-17F9-420B-8EF6-ABB2B8634CBD}"
EndProject
Project("{9A19103F-16F7-4668-BE54-9A1E7A4F7556}") = "TN.Client.Services.Configuration", "TN.Client.Services.Configuration\TN.Client.Services.Configuration.csproj", "{43CB2A7A-BE94-425B-AA8C-A2FFBB72917C}"
EndProject
Project("{9A19103F-16F7-4668-BE54-9A1E7A4F7556}") = "TN.Client.Services.Identity", "TN.Client.Services.Identity\TN.Client.Services.Identity.csproj", "{4B2C6736-B3A0-4561-B4A4-AB8FFA796A2D}"
EndProject
Project("{9A19103F-16F7-4668-BE54-9A1E7A4F7556}") = "TN.Client.Services.Loggers", "TN.Client.Services.Loggers\TN.Client.Services.Loggers.csproj", "{79FCB401-7808-4908-BE02-09FB516B4DE5}"
EndProject
Project("{9A19103F-16F7-4668-BE54-9A1E7A4F7556}") = "TN.Client.Services.Notification", "TN.Client.Services.Notification\TN.Client.Services.Notification.csproj", "{0AA5D3B5-4BE0-460F-9135-ACD6BF8E634E}"
EndProject
Project("{9A19103F-16F7-4668-BE54-9A1E7A4F7556}") = "TN.Client.Services.Remittance", "TN.Client.Services.Remittance\TN.Client.Services.Remittance.csproj", "{CF869921-2B30-47AD-A5CB-F97EC18C452C}"
EndProject
Project("{9A19103F-16F7-4668-BE54-9A1E7A4F7556}") = "TN.Client.Components.Remittance", "TN.Client.Components.Remittance\TN.Client.Components.Remittance.csproj", "{1CB1F8E8-53A9-48FF-AAB9-F7B56CF642CB}"
EndProject
Project("{9A19103F-16F7-4668-BE54-9A1E7A4F7556}") = "TN.Client.Components.Wallet", "TN.Client.Components.Wallet\TN.Client.Components.Wallet.csproj", "{1D888329-8108-464D-8F0B-318D8D3C4580}"
EndProject
Project("{9A19103F-16F7-4668-BE54-9A1E7A4F7556}") = "TN.Services.Bootstrapper.API", "TN.Services.Bootstrapper.API\TN.Services.Bootstrapper.API.csproj", "{E8AD207B-F87A-4CA2-8190-EBDC47D59583}"
EndProject
Project("{9A19103F-16F7-4668-BE54-9A1E7A4F7556}") = "TN.Modules.Identity.API", "TN.Modules.Identity.API\TN.Modules.Identity.API.csproj", "{6D9BB46A-6257-4819-ACB1-695A9800A639}"
EndProject
Project("{9A19103F-16F7-4668-BE54-9A1E7A4F7556}") = "TN.Modules.Logger.API", "TN.Modules.Logger.API\TN.Modules.Logger.API.csproj", "{9F4C9108-14C3-476E-81CA-CB2338781265}"
EndProject
Project("{9A19103F-16F7-4668-BE54-9A1E7A4F7556}") = "TN.Modules.Notification.API", "TN.Modules.Notification.API\TN.Modules.Notification.API.csproj", "{FA68962D-7512-4719-9AC1-5F6D0793E293}"
EndProject
Project("{9A19103F-16F7-4668-BE54-9A1E7A4F7556}") = "TN.Modules.Remittance.API", "TN.Modules.Remittance.API\TN.Modules.Remittance.API.csproj", "{376C6D1B-84D1-44DD-A464-6194A43AC15D}"
EndProject
Project("{9A19103F-16F7-4668-BE54-9A1E7A4F7556}") = "TN.Modules.Identity.Domain", "TN.Modules.Identity.Domain\TN.Modules.Identity.Domain.csproj", "{F72AF381-E4D2-4C85-9258-14F6B7C55952}"
EndProject
Project("{9A19103F-16F7-4668-BE54-9A1E7A4F7556}") = "TN.Services.Bootstrapper.Remittance", "TN.Services.Bootstrapper.Remittance\TN.Services.Bootstrapper.Remittance.csproj", "{CC4D9165-4675-4583-BB1C-EBE9DF0312D4}"
EndProject
Project("{9A19103F-16F7-4668-BE54-9A1E7A4F7556}") = "TN.Modules.Identity.Infrastructure", "TN.Modules.Identity.Infrastructure\TN.Modules.Identity.Infrastructure.csproj", "{9F6E9481-9A5B-4C7C-B9D2-C4019AB4FC1E}"
EndProject
Project("{9A19103F-16F7-4668-BE54-9A1E7A4F7556}") = "TN.Modules.Identity.Application", "TN.Modules.Identity.Application\TN.Modules.Identity.Application.csproj", "{497797CD-8D7F-4EC4-A41F-B52619EAB53D}"
EndProject
Project("{9A19103F-16F7-4668-BE54-9A1E7A4F7556}") = "TN.Modules.Identity.Shared", "TN.Modules.Identity.Shared\TN.Modules.Identity.Shared.csproj", "{A810E471-6830-48D6-8AFB-05239B4BFFA4}"
EndProject
Project("{9A19103F-16F7-4668-BE54-9A1E7A4F7556}") = "TN.Modules.Logger.Application", "TN.Modules.Logger.Application\TN.Modules.Logger.Application.csproj", "{15DA4858-BF26-434A-A988-238760E0B7BF}"
EndProject
Project("{9A19103F-16F7-4668-BE54-9A1E7A4F7556}") = "TN.Modules.Logger.Domain", "TN.Modules.Logger.Domain\TN.Modules.Logger.Domain.csproj", "{AD386D35-8988-4038-8370-FF9B71194305}"
EndProject
Project("{9A19103F-16F7-4668-BE54-9A1E7A4F7556}") = "TN.Modules.Notification.Application", "TN.Modules.Notification.Application\TN.Modules.Notification.Application.csproj", "{9DB803C6-6A0C-49CA-8765-C57EB5D6AF31}"
EndProject
Project("{9A19103F-16F7-4668-BE54-9A1E7A4F7556}") = "TN.Modules.Notification.Domain", "TN.Modules.Notification.Domain\TN.Modules.Notification.Domain.csproj", "{424326F0-ACFA-4802-9E6D-2B673D3952C3}"
EndProject
Project("{9A19103F-16F7-4668-BE54-9A1E7A4F7556}") = "TN.Modules.Notification.Shared", "TN.Modules.Notification.Shared\TN.Modules.Notification.Shared.csproj", "{13F3CBFB-A1F3-4B1A-AEDE-C04EAB883804}"
EndProject
Project("{9A19103F-16F7-4668-BE54-9A1E7A4F7556}") = "TN.Modules.Remittance.Application", "TN.Modules.Remittance.Application\TN.Modules.Remittance.Application.csproj", "{29AD60A1-D89C-4353-9059-BC845F995D28}"
EndProject
Project("{9A19103F-16F7-4668-BE54-9A1E7A4F7556}") = "TN.Modules.Remittance.Shared", "TN.Modules.Remittance.Shared\TN.Modules.Remittance.Shared.csproj", "{02173A7F-01DD-4602-BA5D-C22B0131211B}"
EndProject
Project("{2150E333-8FDC-42A3-9474-1A3956D46DE8}") = "Configuration", "Configuration", "{382B57B2-1C7C-4BC2-BFA0-DF4D6224D8F7}"
EndProject
Project("{2150E333-8FDC-42A3-9474-1A3956D46DE8}") = "Utils", "Utils", "{BE92E371-0C63-45EC-8C80-BF1AD35092D4}"
EndProject
Project("{9A19103F-16F7-4668-BE54-9A1E7A4F7556}") = "TN.Shared.Utils.Misc", "TN.Shared.Utils.Misc\TN.Shared.Utils.Misc.csproj", "{6D3D8F25-5C08-4757-BA8F-FF2BA377EBED}"
EndProject
Project("{9A19103F-16F7-4668-BE54-9A1E7A4F7556}") = "TN.Modules.Remittance.Domain", "TN.Modules.Remittance.Domain\TN.Modules.Remittance.Domain.csproj", "{A1E8DF24-B9C9-4ADB-9E4A-65F27FCB7A4B}"
EndProject
Project("{9A19103F-16F7-4668-BE54-9A1E7A4F7556}") = "TN.Modules.Logger.Shared", "TN.Modules.Logger.Shared\TN.Modules.Logger.Shared.csproj", "{1231042D-5C7F-4E13-B9CF-37D282C398B8}"
EndProject
Project("{2150E333-8FDC-42A3-9474-1A3956D46DE8}") = "Building", "Building", "{F7D2879D-5B64-4BE5-9FEF-CB75ACA5D6AE}"
EndProject
Project("{9A19103F-16F7-4668-BE54-9A1E7A4F7556}") = "TN.Modules.Building.API", "TN.Modules.Building.API\TN.Modules.Building.API.csproj", "{6186DEFA-3B49-4A47-AC1A-AC7D2764F6E2}"
EndProject
Project("{9A19103F-16F7-4668-BE54-9A1E7A4F7556}") = "TN.Modules.Building.Application", "TN.Modules.Building.Application\TN.Modules.Building.Application.csproj", "{35B2BEFB-1CBB-45E1-93B6-C374BA3974A3}"
EndProject
Project("{9A19103F-16F7-4668-BE54-9A1E7A4F7556}") = "TN.Modules.Building.Domain", "TN.Modules.Building.Domain\TN.Modules.Building.Domain.csproj", "{EC32CA63-472D-4A11-A68A-1E8FA213A5D2}"
EndProject
Project("{9A19103F-16F7-4668-BE54-9A1E7A4F7556}") = "TN.Modules.Building.Shared", "TN.Modules.Building.Shared\TN.Modules.Building.Shared.csproj", "{395BD5FA-37A5-4BAE-9745-F4F0465B8483}"
EndProject
Project("{9A19103F-16F7-4668-BE54-9A1E7A4F7556}") = "TN.Modules.Configuration.API", "TN.Modules.Configuration.API\TN.Modules.Configuration.API.csproj", "{7EC21216-95EC-4572-8EC4-D6A9C4A32955}"
EndProject
Project("{9A19103F-16F7-4668-BE54-9A1E7A4F7556}") = "TN.Modules.Configuration.Application", "TN.Modules.Configuration.Application\TN.Modules.Configuration.Application.csproj", "{4D710B11-D4C9-4472-ACE0-B82ED9C60DB1}"
EndProject
Project("{9A19103F-16F7-4668-BE54-9A1E7A4F7556}") = "TN.Modules.Configuration.Domain", "TN.Modules.Configuration.Domain\TN.Modules.Configuration.Domain.csproj", "{C6D93E77-35A5-42C3-8C09-37954C8B56C4}"
EndProject
Project("{9A19103F-16F7-4668-BE54-9A1E7A4F7556}") = "TN.Modules.Configuration.Shared", "TN.Modules.Configuration.Shared\TN.Modules.Configuration.Shared.csproj", "{CB7FE335-1338-4C19-9CC8-B918331AF8D3}"
EndProject
Project("{9A19103F-16F7-4668-BE54-9A1E7A4F7556}") = "TN.Modules.Building.Infrastructure", "TN.Modules.Building.Infrastructure\TN.Modules.Building.Infrastructure.csproj", "{119CD9D6-019A-4ACE-9AFE-C4F64FCF09DD}"
EndProject
Project("{9A19103F-16F7-4668-BE54-9A1E7A4F7556}") = "TN.Modules.Configuration.Infrastructure", "TN.Modules.Configuration.Infrastructure\TN.Modules.Configuration.Infrastructure.csproj", "{40D09EB2-BBBC-4384-8865-33CA996AB81A}"
EndProject
Project("{9A19103F-16F7-4668-BE54-9A1E7A4F7556}") = "TN.Modules.Logger.Infrastructure", "TN.Modules.Logger.Infrastructure\TN.Modules.Logger.Infrastructure.csproj", "{4CE403D1-E2C1-4E54-B7EC-EEC054326E56}"
EndProject
Project("{9A19103F-16F7-4668-BE54-9A1E7A4F7556}") = "TN.Modules.Notification.Infrastructure", "TN.Modules.Notification.Infrastructure\TN.Modules.Notification.Infrastructure.csproj", "{25A72950-C1C2-42D0-9189-8052C0C92A9B}"
EndProject
Project("{9A19103F-16F7-4668-BE54-9A1E7A4F7556}") = "TN.Modules.Remittance.Infrastructure", "TN.Modules.Remittance.Infrastructure\TN.Modules.Remittance.Infrastructure.csproj", "{FD39805E-4947-4F01-9B13-9C84BF800C03}"
EndProject
Project("{9A19103F-16F7-4668-BE54-9A1E7A4F7556}") = "TN.Client.Mobile.Cusca", "TN.Client.Mobile.Cusca\TN.Client.Mobile.Cusca.csproj", "{8E3CECB9-1773-4477-A162-31FEBB39CAF4}"
EndProject
Project("{9A19103F-16F7-4668-BE54-9A1E7A4F7556}") = "TN.Client.Mobile.Monis", "TN.Client.Mobile.Monis\TN.Client.Mobile.Monis.csproj", "{4099C592-0E59-4ACD-B9A2-B4A2325A4B21}"
EndProject
Global
	GlobalSection(SolutionConfigurationPlatforms) = preSolution
		Debug|Any CPU = Debug|Any CPU
		Release|Any CPU = Release|Any CPU
	EndGlobalSection
	GlobalSection(ProjectConfigurationPlatforms) = postSolution
		{C5006E3A-A438-41AC-9C22-E37EEA656DFA}.Debug|Any CPU.ActiveCfg = Debug|Any CPU
		{C5006E3A-A438-41AC-9C22-E37EEA656DFA}.Debug|Any CPU.Build.0 = Debug|Any CPU
		{C5006E3A-A438-41AC-9C22-E37EEA656DFA}.Release|Any CPU.ActiveCfg = Release|Any CPU
		{C5006E3A-A438-41AC-9C22-E37EEA656DFA}.Release|Any CPU.Build.0 = Release|Any CPU
		{C2A60BFA-7FD1-48CC-91A9-3293EB939FF7}.Debug|Any CPU.ActiveCfg = Debug|Any CPU
		{C2A60BFA-7FD1-48CC-91A9-3293EB939FF7}.Debug|Any CPU.Build.0 = Debug|Any CPU
		{C2A60BFA-7FD1-48CC-91A9-3293EB939FF7}.Release|Any CPU.ActiveCfg = Release|Any CPU
		{C2A60BFA-7FD1-48CC-91A9-3293EB939FF7}.Release|Any CPU.Build.0 = Release|Any CPU
		{1E66A24D-B43E-433B-A3D0-D61F321B8972}.Debug|Any CPU.ActiveCfg = Debug|Any CPU
		{1E66A24D-B43E-433B-A3D0-D61F321B8972}.Debug|Any CPU.Build.0 = Debug|Any CPU
		{1E66A24D-B43E-433B-A3D0-D61F321B8972}.Release|Any CPU.ActiveCfg = Release|Any CPU
		{1E66A24D-B43E-433B-A3D0-D61F321B8972}.Release|Any CPU.Build.0 = Release|Any CPU
		{F9978C4D-23E8-4A56-8CF7-8C6377EB1E12}.Debug|Any CPU.ActiveCfg = Debug|Any CPU
		{F9978C4D-23E8-4A56-8CF7-8C6377EB1E12}.Debug|Any CPU.Build.0 = Debug|Any CPU
		{F9978C4D-23E8-4A56-8CF7-8C6377EB1E12}.Release|Any CPU.ActiveCfg = Release|Any CPU
		{F9978C4D-23E8-4A56-8CF7-8C6377EB1E12}.Release|Any CPU.Build.0 = Release|Any CPU
		{84673470-16A5-4822-8E9F-EF8E8FA3B8F5}.Debug|Any CPU.ActiveCfg = Debug|Any CPU
		{84673470-16A5-4822-8E9F-EF8E8FA3B8F5}.Debug|Any CPU.Build.0 = Debug|Any CPU
		{84673470-16A5-4822-8E9F-EF8E8FA3B8F5}.Release|Any CPU.ActiveCfg = Release|Any CPU
		{84673470-16A5-4822-8E9F-EF8E8FA3B8F5}.Release|Any CPU.Build.0 = Release|Any CPU
		{43CB2A7A-BE94-425B-AA8C-A2FFBB72917C}.Debug|Any CPU.ActiveCfg = Debug|Any CPU
		{43CB2A7A-BE94-425B-AA8C-A2FFBB72917C}.Debug|Any CPU.Build.0 = Debug|Any CPU
		{43CB2A7A-BE94-425B-AA8C-A2FFBB72917C}.Release|Any CPU.ActiveCfg = Release|Any CPU
		{43CB2A7A-BE94-425B-AA8C-A2FFBB72917C}.Release|Any CPU.Build.0 = Release|Any CPU
		{4B2C6736-B3A0-4561-B4A4-AB8FFA796A2D}.Debug|Any CPU.ActiveCfg = Debug|Any CPU
		{4B2C6736-B3A0-4561-B4A4-AB8FFA796A2D}.Debug|Any CPU.Build.0 = Debug|Any CPU
		{4B2C6736-B3A0-4561-B4A4-AB8FFA796A2D}.Release|Any CPU.ActiveCfg = Release|Any CPU
		{4B2C6736-B3A0-4561-B4A4-AB8FFA796A2D}.Release|Any CPU.Build.0 = Release|Any CPU
		{79FCB401-7808-4908-BE02-09FB516B4DE5}.Debug|Any CPU.ActiveCfg = Debug|Any CPU
		{79FCB401-7808-4908-BE02-09FB516B4DE5}.Debug|Any CPU.Build.0 = Debug|Any CPU
		{79FCB401-7808-4908-BE02-09FB516B4DE5}.Release|Any CPU.ActiveCfg = Release|Any CPU
		{79FCB401-7808-4908-BE02-09FB516B4DE5}.Release|Any CPU.Build.0 = Release|Any CPU
		{0AA5D3B5-4BE0-460F-9135-ACD6BF8E634E}.Debug|Any CPU.ActiveCfg = Debug|Any CPU
		{0AA5D3B5-4BE0-460F-9135-ACD6BF8E634E}.Debug|Any CPU.Build.0 = Debug|Any CPU
		{0AA5D3B5-4BE0-460F-9135-ACD6BF8E634E}.Release|Any CPU.ActiveCfg = Release|Any CPU
		{0AA5D3B5-4BE0-460F-9135-ACD6BF8E634E}.Release|Any CPU.Build.0 = Release|Any CPU
		{CF869921-2B30-47AD-A5CB-F97EC18C452C}.Debug|Any CPU.ActiveCfg = Debug|Any CPU
		{CF869921-2B30-47AD-A5CB-F97EC18C452C}.Debug|Any CPU.Build.0 = Debug|Any CPU
		{CF869921-2B30-47AD-A5CB-F97EC18C452C}.Release|Any CPU.ActiveCfg = Release|Any CPU
		{CF869921-2B30-47AD-A5CB-F97EC18C452C}.Release|Any CPU.Build.0 = Release|Any CPU
		{1CB1F8E8-53A9-48FF-AAB9-F7B56CF642CB}.Debug|Any CPU.ActiveCfg = Debug|Any CPU
		{1CB1F8E8-53A9-48FF-AAB9-F7B56CF642CB}.Debug|Any CPU.Build.0 = Debug|Any CPU
		{1CB1F8E8-53A9-48FF-AAB9-F7B56CF642CB}.Release|Any CPU.ActiveCfg = Release|Any CPU
		{1CB1F8E8-53A9-48FF-AAB9-F7B56CF642CB}.Release|Any CPU.Build.0 = Release|Any CPU
		{1D888329-8108-464D-8F0B-318D8D3C4580}.Debug|Any CPU.ActiveCfg = Debug|Any CPU
		{1D888329-8108-464D-8F0B-318D8D3C4580}.Debug|Any CPU.Build.0 = Debug|Any CPU
		{1D888329-8108-464D-8F0B-318D8D3C4580}.Release|Any CPU.ActiveCfg = Release|Any CPU
		{1D888329-8108-464D-8F0B-318D8D3C4580}.Release|Any CPU.Build.0 = Release|Any CPU
		{E8AD207B-F87A-4CA2-8190-EBDC47D59583}.Debug|Any CPU.ActiveCfg = Debug|Any CPU
		{E8AD207B-F87A-4CA2-8190-EBDC47D59583}.Debug|Any CPU.Build.0 = Debug|Any CPU
		{E8AD207B-F87A-4CA2-8190-EBDC47D59583}.Release|Any CPU.ActiveCfg = Release|Any CPU
		{E8AD207B-F87A-4CA2-8190-EBDC47D59583}.Release|Any CPU.Build.0 = Release|Any CPU
		{6D9BB46A-6257-4819-ACB1-695A9800A639}.Debug|Any CPU.ActiveCfg = Debug|Any CPU
		{6D9BB46A-6257-4819-ACB1-695A9800A639}.Debug|Any CPU.Build.0 = Debug|Any CPU
		{6D9BB46A-6257-4819-ACB1-695A9800A639}.Release|Any CPU.ActiveCfg = Release|Any CPU
		{6D9BB46A-6257-4819-ACB1-695A9800A639}.Release|Any CPU.Build.0 = Release|Any CPU
		{9F4C9108-14C3-476E-81CA-CB2338781265}.Debug|Any CPU.ActiveCfg = Debug|Any CPU
		{9F4C9108-14C3-476E-81CA-CB2338781265}.Debug|Any CPU.Build.0 = Debug|Any CPU
		{9F4C9108-14C3-476E-81CA-CB2338781265}.Release|Any CPU.ActiveCfg = Release|Any CPU
		{9F4C9108-14C3-476E-81CA-CB2338781265}.Release|Any CPU.Build.0 = Release|Any CPU
		{FA68962D-7512-4719-9AC1-5F6D0793E293}.Debug|Any CPU.ActiveCfg = Debug|Any CPU
		{FA68962D-7512-4719-9AC1-5F6D0793E293}.Debug|Any CPU.Build.0 = Debug|Any CPU
		{FA68962D-7512-4719-9AC1-5F6D0793E293}.Release|Any CPU.ActiveCfg = Release|Any CPU
		{FA68962D-7512-4719-9AC1-5F6D0793E293}.Release|Any CPU.Build.0 = Release|Any CPU
		{376C6D1B-84D1-44DD-A464-6194A43AC15D}.Debug|Any CPU.ActiveCfg = Debug|Any CPU
		{376C6D1B-84D1-44DD-A464-6194A43AC15D}.Debug|Any CPU.Build.0 = Debug|Any CPU
		{376C6D1B-84D1-44DD-A464-6194A43AC15D}.Release|Any CPU.ActiveCfg = Release|Any CPU
		{376C6D1B-84D1-44DD-A464-6194A43AC15D}.Release|Any CPU.Build.0 = Release|Any CPU
		{F72AF381-E4D2-4C85-9258-14F6B7C55952}.Debug|Any CPU.ActiveCfg = Debug|Any CPU
		{F72AF381-E4D2-4C85-9258-14F6B7C55952}.Debug|Any CPU.Build.0 = Debug|Any CPU
		{F72AF381-E4D2-4C85-9258-14F6B7C55952}.Release|Any CPU.ActiveCfg = Release|Any CPU
		{F72AF381-E4D2-4C85-9258-14F6B7C55952}.Release|Any CPU.Build.0 = Release|Any CPU
		{CC4D9165-4675-4583-BB1C-EBE9DF0312D4}.Debug|Any CPU.ActiveCfg = Debug|Any CPU
		{CC4D9165-4675-4583-BB1C-EBE9DF0312D4}.Debug|Any CPU.Build.0 = Debug|Any CPU
		{CC4D9165-4675-4583-BB1C-EBE9DF0312D4}.Release|Any CPU.ActiveCfg = Release|Any CPU
		{CC4D9165-4675-4583-BB1C-EBE9DF0312D4}.Release|Any CPU.Build.0 = Release|Any CPU
		{9F6E9481-9A5B-4C7C-B9D2-C4019AB4FC1E}.Debug|Any CPU.ActiveCfg = Debug|Any CPU
		{9F6E9481-9A5B-4C7C-B9D2-C4019AB4FC1E}.Debug|Any CPU.Build.0 = Debug|Any CPU
		{9F6E9481-9A5B-4C7C-B9D2-C4019AB4FC1E}.Release|Any CPU.ActiveCfg = Release|Any CPU
		{9F6E9481-9A5B-4C7C-B9D2-C4019AB4FC1E}.Release|Any CPU.Build.0 = Release|Any CPU
		{497797CD-8D7F-4EC4-A41F-B52619EAB53D}.Debug|Any CPU.ActiveCfg = Debug|Any CPU
		{497797CD-8D7F-4EC4-A41F-B52619EAB53D}.Debug|Any CPU.Build.0 = Debug|Any CPU
		{497797CD-8D7F-4EC4-A41F-B52619EAB53D}.Release|Any CPU.ActiveCfg = Release|Any CPU
		{497797CD-8D7F-4EC4-A41F-B52619EAB53D}.Release|Any CPU.Build.0 = Release|Any CPU
		{A810E471-6830-48D6-8AFB-05239B4BFFA4}.Debug|Any CPU.ActiveCfg = Debug|Any CPU
		{A810E471-6830-48D6-8AFB-05239B4BFFA4}.Debug|Any CPU.Build.0 = Debug|Any CPU
		{A810E471-6830-48D6-8AFB-05239B4BFFA4}.Release|Any CPU.ActiveCfg = Release|Any CPU
		{A810E471-6830-48D6-8AFB-05239B4BFFA4}.Release|Any CPU.Build.0 = Release|Any CPU
		{15DA4858-BF26-434A-A988-238760E0B7BF}.Debug|Any CPU.ActiveCfg = Debug|Any CPU
		{15DA4858-BF26-434A-A988-238760E0B7BF}.Debug|Any CPU.Build.0 = Debug|Any CPU
		{15DA4858-BF26-434A-A988-238760E0B7BF}.Release|Any CPU.ActiveCfg = Release|Any CPU
		{15DA4858-BF26-434A-A988-238760E0B7BF}.Release|Any CPU.Build.0 = Release|Any CPU
		{AD386D35-8988-4038-8370-FF9B71194305}.Debug|Any CPU.ActiveCfg = Debug|Any CPU
		{AD386D35-8988-4038-8370-FF9B71194305}.Debug|Any CPU.Build.0 = Debug|Any CPU
		{AD386D35-8988-4038-8370-FF9B71194305}.Release|Any CPU.ActiveCfg = Release|Any CPU
		{AD386D35-8988-4038-8370-FF9B71194305}.Release|Any CPU.Build.0 = Release|Any CPU
		{9DB803C6-6A0C-49CA-8765-C57EB5D6AF31}.Debug|Any CPU.ActiveCfg = Debug|Any CPU
		{9DB803C6-6A0C-49CA-8765-C57EB5D6AF31}.Debug|Any CPU.Build.0 = Debug|Any CPU
		{9DB803C6-6A0C-49CA-8765-C57EB5D6AF31}.Release|Any CPU.ActiveCfg = Release|Any CPU
		{9DB803C6-6A0C-49CA-8765-C57EB5D6AF31}.Release|Any CPU.Build.0 = Release|Any CPU
		{424326F0-ACFA-4802-9E6D-2B673D3952C3}.Debug|Any CPU.ActiveCfg = Debug|Any CPU
		{424326F0-ACFA-4802-9E6D-2B673D3952C3}.Debug|Any CPU.Build.0 = Debug|Any CPU
		{424326F0-ACFA-4802-9E6D-2B673D3952C3}.Release|Any CPU.ActiveCfg = Release|Any CPU
		{424326F0-ACFA-4802-9E6D-2B673D3952C3}.Release|Any CPU.Build.0 = Release|Any CPU
		{13F3CBFB-A1F3-4B1A-AEDE-C04EAB883804}.Debug|Any CPU.ActiveCfg = Debug|Any CPU
		{13F3CBFB-A1F3-4B1A-AEDE-C04EAB883804}.Debug|Any CPU.Build.0 = Debug|Any CPU
		{13F3CBFB-A1F3-4B1A-AEDE-C04EAB883804}.Release|Any CPU.ActiveCfg = Release|Any CPU
		{13F3CBFB-A1F3-4B1A-AEDE-C04EAB883804}.Release|Any CPU.Build.0 = Release|Any CPU
		{29AD60A1-D89C-4353-9059-BC845F995D28}.Debug|Any CPU.ActiveCfg = Debug|Any CPU
		{29AD60A1-D89C-4353-9059-BC845F995D28}.Debug|Any CPU.Build.0 = Debug|Any CPU
		{29AD60A1-D89C-4353-9059-BC845F995D28}.Release|Any CPU.ActiveCfg = Release|Any CPU
		{29AD60A1-D89C-4353-9059-BC845F995D28}.Release|Any CPU.Build.0 = Release|Any CPU
		{02173A7F-01DD-4602-BA5D-C22B0131211B}.Debug|Any CPU.ActiveCfg = Debug|Any CPU
		{02173A7F-01DD-4602-BA5D-C22B0131211B}.Debug|Any CPU.Build.0 = Debug|Any CPU
		{02173A7F-01DD-4602-BA5D-C22B0131211B}.Release|Any CPU.ActiveCfg = Release|Any CPU
		{02173A7F-01DD-4602-BA5D-C22B0131211B}.Release|Any CPU.Build.0 = Release|Any CPU
		{6D3D8F25-5C08-4757-BA8F-FF2BA377EBED}.Debug|Any CPU.ActiveCfg = Debug|Any CPU
		{6D3D8F25-5C08-4757-BA8F-FF2BA377EBED}.Debug|Any CPU.Build.0 = Debug|Any CPU
		{6D3D8F25-5C08-4757-BA8F-FF2BA377EBED}.Release|Any CPU.ActiveCfg = Release|Any CPU
		{6D3D8F25-5C08-4757-BA8F-FF2BA377EBED}.Release|Any CPU.Build.0 = Release|Any CPU
		{A1E8DF24-B9C9-4ADB-9E4A-65F27FCB7A4B}.Debug|Any CPU.ActiveCfg = Debug|Any CPU
		{A1E8DF24-B9C9-4ADB-9E4A-65F27FCB7A4B}.Debug|Any CPU.Build.0 = Debug|Any CPU
		{A1E8DF24-B9C9-4ADB-9E4A-65F27FCB7A4B}.Release|Any CPU.ActiveCfg = Release|Any CPU
		{A1E8DF24-B9C9-4ADB-9E4A-65F27FCB7A4B}.Release|Any CPU.Build.0 = Release|Any CPU
		{1231042D-5C7F-4E13-B9CF-37D282C398B8}.Debug|Any CPU.ActiveCfg = Debug|Any CPU
		{1231042D-5C7F-4E13-B9CF-37D282C398B8}.Debug|Any CPU.Build.0 = Debug|Any CPU
		{1231042D-5C7F-4E13-B9CF-37D282C398B8}.Release|Any CPU.ActiveCfg = Release|Any CPU
		{1231042D-5C7F-4E13-B9CF-37D282C398B8}.Release|Any CPU.Build.0 = Release|Any CPU
		{6186DEFA-3B49-4A47-AC1A-AC7D2764F6E2}.Debug|Any CPU.ActiveCfg = Debug|Any CPU
		{6186DEFA-3B49-4A47-AC1A-AC7D2764F6E2}.Debug|Any CPU.Build.0 = Debug|Any CPU
		{6186DEFA-3B49-4A47-AC1A-AC7D2764F6E2}.Release|Any CPU.ActiveCfg = Release|Any CPU
		{6186DEFA-3B49-4A47-AC1A-AC7D2764F6E2}.Release|Any CPU.Build.0 = Release|Any CPU
		{35B2BEFB-1CBB-45E1-93B6-C374BA3974A3}.Debug|Any CPU.ActiveCfg = Debug|Any CPU
		{35B2BEFB-1CBB-45E1-93B6-C374BA3974A3}.Debug|Any CPU.Build.0 = Debug|Any CPU
		{35B2BEFB-1CBB-45E1-93B6-C374BA3974A3}.Release|Any CPU.ActiveCfg = Release|Any CPU
		{35B2BEFB-1CBB-45E1-93B6-C374BA3974A3}.Release|Any CPU.Build.0 = Release|Any CPU
		{EC32CA63-472D-4A11-A68A-1E8FA213A5D2}.Debug|Any CPU.ActiveCfg = Debug|Any CPU
		{EC32CA63-472D-4A11-A68A-1E8FA213A5D2}.Debug|Any CPU.Build.0 = Debug|Any CPU
		{EC32CA63-472D-4A11-A68A-1E8FA213A5D2}.Release|Any CPU.ActiveCfg = Release|Any CPU
		{EC32CA63-472D-4A11-A68A-1E8FA213A5D2}.Release|Any CPU.Build.0 = Release|Any CPU
		{395BD5FA-37A5-4BAE-9745-F4F0465B8483}.Debug|Any CPU.ActiveCfg = Debug|Any CPU
		{395BD5FA-37A5-4BAE-9745-F4F0465B8483}.Debug|Any CPU.Build.0 = Debug|Any CPU
		{395BD5FA-37A5-4BAE-9745-F4F0465B8483}.Release|Any CPU.ActiveCfg = Release|Any CPU
		{395BD5FA-37A5-4BAE-9745-F4F0465B8483}.Release|Any CPU.Build.0 = Release|Any CPU
		{7EC21216-95EC-4572-8EC4-D6A9C4A32955}.Debug|Any CPU.ActiveCfg = Debug|Any CPU
		{7EC21216-95EC-4572-8EC4-D6A9C4A32955}.Debug|Any CPU.Build.0 = Debug|Any CPU
		{7EC21216-95EC-4572-8EC4-D6A9C4A32955}.Release|Any CPU.ActiveCfg = Release|Any CPU
		{7EC21216-95EC-4572-8EC4-D6A9C4A32955}.Release|Any CPU.Build.0 = Release|Any CPU
		{4D710B11-D4C9-4472-ACE0-B82ED9C60DB1}.Debug|Any CPU.ActiveCfg = Debug|Any CPU
		{4D710B11-D4C9-4472-ACE0-B82ED9C60DB1}.Debug|Any CPU.Build.0 = Debug|Any CPU
		{4D710B11-D4C9-4472-ACE0-B82ED9C60DB1}.Release|Any CPU.ActiveCfg = Release|Any CPU
		{4D710B11-D4C9-4472-ACE0-B82ED9C60DB1}.Release|Any CPU.Build.0 = Release|Any CPU
		{C6D93E77-35A5-42C3-8C09-37954C8B56C4}.Debug|Any CPU.ActiveCfg = Debug|Any CPU
		{C6D93E77-35A5-42C3-8C09-37954C8B56C4}.Debug|Any CPU.Build.0 = Debug|Any CPU
		{C6D93E77-35A5-42C3-8C09-37954C8B56C4}.Release|Any CPU.ActiveCfg = Release|Any CPU
		{C6D93E77-35A5-42C3-8C09-37954C8B56C4}.Release|Any CPU.Build.0 = Release|Any CPU
		{CB7FE335-1338-4C19-9CC8-B918331AF8D3}.Debug|Any CPU.ActiveCfg = Debug|Any CPU
		{CB7FE335-1338-4C19-9CC8-B918331AF8D3}.Debug|Any CPU.Build.0 = Debug|Any CPU
		{CB7FE335-1338-4C19-9CC8-B918331AF8D3}.Release|Any CPU.ActiveCfg = Release|Any CPU
		{CB7FE335-1338-4C19-9CC8-B918331AF8D3}.Release|Any CPU.Build.0 = Release|Any CPU
		{119CD9D6-019A-4ACE-9AFE-C4F64FCF09DD}.Debug|Any CPU.ActiveCfg = Debug|Any CPU
		{119CD9D6-019A-4ACE-9AFE-C4F64FCF09DD}.Debug|Any CPU.Build.0 = Debug|Any CPU
		{119CD9D6-019A-4ACE-9AFE-C4F64FCF09DD}.Release|Any CPU.ActiveCfg = Release|Any CPU
		{119CD9D6-019A-4ACE-9AFE-C4F64FCF09DD}.Release|Any CPU.Build.0 = Release|Any CPU
		{40D09EB2-BBBC-4384-8865-33CA996AB81A}.Debug|Any CPU.ActiveCfg = Debug|Any CPU
		{40D09EB2-BBBC-4384-8865-33CA996AB81A}.Debug|Any CPU.Build.0 = Debug|Any CPU
		{40D09EB2-BBBC-4384-8865-33CA996AB81A}.Release|Any CPU.ActiveCfg = Release|Any CPU
		{40D09EB2-BBBC-4384-8865-33CA996AB81A}.Release|Any CPU.Build.0 = Release|Any CPU
		{4CE403D1-E2C1-4E54-B7EC-EEC054326E56}.Debug|Any CPU.ActiveCfg = Debug|Any CPU
		{4CE403D1-E2C1-4E54-B7EC-EEC054326E56}.Debug|Any CPU.Build.0 = Debug|Any CPU
		{4CE403D1-E2C1-4E54-B7EC-EEC054326E56}.Release|Any CPU.ActiveCfg = Release|Any CPU
		{4CE403D1-E2C1-4E54-B7EC-EEC054326E56}.Release|Any CPU.Build.0 = Release|Any CPU
		{25A72950-C1C2-42D0-9189-8052C0C92A9B}.Debug|Any CPU.ActiveCfg = Debug|Any CPU
		{25A72950-C1C2-42D0-9189-8052C0C92A9B}.Debug|Any CPU.Build.0 = Debug|Any CPU
		{25A72950-C1C2-42D0-9189-8052C0C92A9B}.Release|Any CPU.ActiveCfg = Release|Any CPU
		{25A72950-C1C2-42D0-9189-8052C0C92A9B}.Release|Any CPU.Build.0 = Release|Any CPU
		{FD39805E-4947-4F01-9B13-9C84BF800C03}.Debug|Any CPU.ActiveCfg = Debug|Any CPU
		{FD39805E-4947-4F01-9B13-9C84BF800C03}.Debug|Any CPU.Build.0 = Debug|Any CPU
		{FD39805E-4947-4F01-9B13-9C84BF800C03}.Release|Any CPU.ActiveCfg = Release|Any CPU
		{FD39805E-4947-4F01-9B13-9C84BF800C03}.Release|Any CPU.Build.0 = Release|Any CPU
		{8E3CECB9-1773-4477-A162-31FEBB39CAF4}.Debug|Any CPU.ActiveCfg = Debug|Any CPU
		{8E3CECB9-1773-4477-A162-31FEBB39CAF4}.Debug|Any CPU.Build.0 = Debug|Any CPU
		{8E3CECB9-1773-4477-A162-31FEBB39CAF4}.Debug|Any CPU.Deploy.0 = Debug|Any CPU
		{8E3CECB9-1773-4477-A162-31FEBB39CAF4}.Release|Any CPU.ActiveCfg = Release|Any CPU
		{8E3CECB9-1773-4477-A162-31FEBB39CAF4}.Release|Any CPU.Build.0 = Release|Any CPU
		{8E3CECB9-1773-4477-A162-31FEBB39CAF4}.Release|Any CPU.Deploy.0 = Release|Any CPU
		{4099C592-0E59-4ACD-B9A2-B4A2325A4B21}.Debug|Any CPU.ActiveCfg = Debug|Any CPU
		{4099C592-0E59-4ACD-B9A2-B4A2325A4B21}.Debug|Any CPU.Build.0 = Debug|Any CPU
		{4099C592-0E59-4ACD-B9A2-B4A2325A4B21}.Debug|Any CPU.Deploy.0 = Debug|Any CPU
		{4099C592-0E59-4ACD-B9A2-B4A2325A4B21}.Release|Any CPU.ActiveCfg = Release|Any CPU
		{4099C592-0E59-4ACD-B9A2-B4A2325A4B21}.Release|Any CPU.Build.0 = Release|Any CPU
		{4099C592-0E59-4ACD-B9A2-B4A2325A4B21}.Release|Any CPU.Deploy.0 = Release|Any CPU
	EndGlobalSection
	GlobalSection(SolutionProperties) = preSolution
		HideSolutionNode = FALSE
	EndGlobalSection
	GlobalSection(NestedProjects) = preSolution
		{65E870B5-D617-47E9-8E08-9546E8E89A7E} = {D2F9FF77-11D7-4261-B67B-A98EEF888F50}
		{C9426191-E30F-4EEE-86B8-C005D0A9D40D} = {D2F9FF77-11D7-4261-B67B-A98EEF888F50}
		{A89004A6-8B62-41B1-A90B-AE899230F050} = {AC1A1465-8BF5-4C05-8EB6-335A69AA77DB}
		{B47AF43D-FE05-4503-884C-8C65A0F95742} = {4F215CF4-8CE6-4784-AD35-FF53AF061E85}
		{C5006E3A-A438-41AC-9C22-E37EEA656DFA} = {C9426191-E30F-4EEE-86B8-C005D0A9D40D}
		{C2A60BFA-7FD1-48CC-91A9-3293EB939FF7} = {C9426191-E30F-4EEE-86B8-C005D0A9D40D}
		{FF790976-0CD8-4DC3-B024-5ECCADFAFB5C} = {AC1A1465-8BF5-4C05-8EB6-335A69AA77DB}
		{1E66A24D-B43E-433B-A3D0-D61F321B8972} = {FF790976-0CD8-4DC3-B024-5ECCADFAFB5C}
		{04D9959E-2D3C-4ECA-BBDC-45E8DBC7104C} = {D2F9FF77-11D7-4261-B67B-A98EEF888F50}
		{F9978C4D-23E8-4A56-8CF7-8C6377EB1E12} = {04D9959E-2D3C-4ECA-BBDC-45E8DBC7104C}
		{A947DA45-5F65-4B2F-8DC8-555839368B43} = {5FF09FDB-5E8A-4E1B-BD55-30F8A99B6193}
		{8C28F230-F8CD-4B53-A0B8-56A9F321293B} = {5FF09FDB-5E8A-4E1B-BD55-30F8A99B6193}
		{BFDDCB8E-F789-4F3B-9247-9BB108AA799B} = {5FF09FDB-5E8A-4E1B-BD55-30F8A99B6193}
		{90788598-17DE-4B25-B21C-0100852D3EF4} = {5FF09FDB-5E8A-4E1B-BD55-30F8A99B6193}
		{84673470-16A5-4822-8E9F-EF8E8FA3B8F5} = {B47AF43D-FE05-4503-884C-8C65A0F95742}
		{EEAFCBC4-17F9-420B-8EF6-ABB2B8634CBD} = {D2F9FF77-11D7-4261-B67B-A98EEF888F50}
		{43CB2A7A-BE94-425B-AA8C-A2FFBB72917C} = {EEAFCBC4-17F9-420B-8EF6-ABB2B8634CBD}
		{4B2C6736-B3A0-4561-B4A4-AB8FFA796A2D} = {EEAFCBC4-17F9-420B-8EF6-ABB2B8634CBD}
		{79FCB401-7808-4908-BE02-09FB516B4DE5} = {EEAFCBC4-17F9-420B-8EF6-ABB2B8634CBD}
		{0AA5D3B5-4BE0-460F-9135-ACD6BF8E634E} = {EEAFCBC4-17F9-420B-8EF6-ABB2B8634CBD}
		{CF869921-2B30-47AD-A5CB-F97EC18C452C} = {EEAFCBC4-17F9-420B-8EF6-ABB2B8634CBD}
		{1CB1F8E8-53A9-48FF-AAB9-F7B56CF642CB} = {04D9959E-2D3C-4ECA-BBDC-45E8DBC7104C}
		{1D888329-8108-464D-8F0B-318D8D3C4580} = {04D9959E-2D3C-4ECA-BBDC-45E8DBC7104C}
		{E8AD207B-F87A-4CA2-8190-EBDC47D59583} = {A89004A6-8B62-41B1-A90B-AE899230F050}
		{6D9BB46A-6257-4819-ACB1-695A9800A639} = {A947DA45-5F65-4B2F-8DC8-555839368B43}
		{9F4C9108-14C3-476E-81CA-CB2338781265} = {BFDDCB8E-F789-4F3B-9247-9BB108AA799B}
		{FA68962D-7512-4719-9AC1-5F6D0793E293} = {90788598-17DE-4B25-B21C-0100852D3EF4}
		{376C6D1B-84D1-44DD-A464-6194A43AC15D} = {8C28F230-F8CD-4B53-A0B8-56A9F321293B}
		{F72AF381-E4D2-4C85-9258-14F6B7C55952} = {A947DA45-5F65-4B2F-8DC8-555839368B43}
		{CC4D9165-4675-4583-BB1C-EBE9DF0312D4} = {A89004A6-8B62-41B1-A90B-AE899230F050}
		{9F6E9481-9A5B-4C7C-B9D2-C4019AB4FC1E} = {A947DA45-5F65-4B2F-8DC8-555839368B43}
		{497797CD-8D7F-4EC4-A41F-B52619EAB53D} = {A947DA45-5F65-4B2F-8DC8-555839368B43}
		{A810E471-6830-48D6-8AFB-05239B4BFFA4} = {A947DA45-5F65-4B2F-8DC8-555839368B43}
		{15DA4858-BF26-434A-A988-238760E0B7BF} = {BFDDCB8E-F789-4F3B-9247-9BB108AA799B}
		{AD386D35-8988-4038-8370-FF9B71194305} = {BFDDCB8E-F789-4F3B-9247-9BB108AA799B}
		{9DB803C6-6A0C-49CA-8765-C57EB5D6AF31} = {90788598-17DE-4B25-B21C-0100852D3EF4}
		{424326F0-ACFA-4802-9E6D-2B673D3952C3} = {90788598-17DE-4B25-B21C-0100852D3EF4}
		{13F3CBFB-A1F3-4B1A-AEDE-C04EAB883804} = {90788598-17DE-4B25-B21C-0100852D3EF4}
		{29AD60A1-D89C-4353-9059-BC845F995D28} = {8C28F230-F8CD-4B53-A0B8-56A9F321293B}
		{02173A7F-01DD-4602-BA5D-C22B0131211B} = {8C28F230-F8CD-4B53-A0B8-56A9F321293B}
		{382B57B2-1C7C-4BC2-BFA0-DF4D6224D8F7} = {5FF09FDB-5E8A-4E1B-BD55-30F8A99B6193}
		{BE92E371-0C63-45EC-8C80-BF1AD35092D4} = {B1453CD3-A334-4213-8FD7-5D4B1C5F43DC}
		{6D3D8F25-5C08-4757-BA8F-FF2BA377EBED} = {BE92E371-0C63-45EC-8C80-BF1AD35092D4}
		{A1E8DF24-B9C9-4ADB-9E4A-65F27FCB7A4B} = {8C28F230-F8CD-4B53-A0B8-56A9F321293B}
		{1231042D-5C7F-4E13-B9CF-37D282C398B8} = {BFDDCB8E-F789-4F3B-9247-9BB108AA799B}
		{F7D2879D-5B64-4BE5-9FEF-CB75ACA5D6AE} = {5FF09FDB-5E8A-4E1B-BD55-30F8A99B6193}
		{6186DEFA-3B49-4A47-AC1A-AC7D2764F6E2} = {F7D2879D-5B64-4BE5-9FEF-CB75ACA5D6AE}
		{35B2BEFB-1CBB-45E1-93B6-C374BA3974A3} = {F7D2879D-5B64-4BE5-9FEF-CB75ACA5D6AE}
		{EC32CA63-472D-4A11-A68A-1E8FA213A5D2} = {F7D2879D-5B64-4BE5-9FEF-CB75ACA5D6AE}
		{395BD5FA-37A5-4BAE-9745-F4F0465B8483} = {F7D2879D-5B64-4BE5-9FEF-CB75ACA5D6AE}
		{7EC21216-95EC-4572-8EC4-D6A9C4A32955} = {382B57B2-1C7C-4BC2-BFA0-DF4D6224D8F7}
		{4D710B11-D4C9-4472-ACE0-B82ED9C60DB1} = {382B57B2-1C7C-4BC2-BFA0-DF4D6224D8F7}
		{C6D93E77-35A5-42C3-8C09-37954C8B56C4} = {382B57B2-1C7C-4BC2-BFA0-DF4D6224D8F7}
		{CB7FE335-1338-4C19-9CC8-B918331AF8D3} = {382B57B2-1C7C-4BC2-BFA0-DF4D6224D8F7}
		{119CD9D6-019A-4ACE-9AFE-C4F64FCF09DD} = {F7D2879D-5B64-4BE5-9FEF-CB75ACA5D6AE}
		{40D09EB2-BBBC-4384-8865-33CA996AB81A} = {382B57B2-1C7C-4BC2-BFA0-DF4D6224D8F7}
		{4CE403D1-E2C1-4E54-B7EC-EEC054326E56} = {BFDDCB8E-F789-4F3B-9247-9BB108AA799B}
		{25A72950-C1C2-42D0-9189-8052C0C92A9B} = {90788598-17DE-4B25-B21C-0100852D3EF4}
		{FD39805E-4947-4F01-9B13-9C84BF800C03} = {8C28F230-F8CD-4B53-A0B8-56A9F321293B}
		{8E3CECB9-1773-4477-A162-31FEBB39CAF4} = {65E870B5-D617-47E9-8E08-9546E8E89A7E}
		{4099C592-0E59-4ACD-B9A2-B4A2325A4B21} = {65E870B5-D617-47E9-8E08-9546E8E89A7E}
	EndGlobalSection
	GlobalSection(ExtensibilityGlobals) = postSolution
		SolutionGuid = {D8F5BE56-E887-478D-B4E3-E6E9F89342CD}
	EndGlobalSection
EndGlobal
