
Microsoft Visual Studio Solution File, Format Version 12.00
# Visual Studio Version 17
VisualStudioVersion = 17.4.33205.214
MinimumVisualStudioVersion = 10.0.40219.1
Project("{2150E333-8FDC-42A3-9474-1A3956D46DE8}") = "Admin", "Admin", "{4F215CF4-8CE6-4784-AD35-FF53AF061E85}"
EndProject
Project("{2150E333-8FDC-42A3-9474-1A3956D46DE8}") = "Client", "Client", "{D2F9FF77-11D7-4261-B67B-A98EEF888F50}"
EndProject
Project("{2150E333-8FDC-42A3-9474-1A3956D46DE8}") = "Docs", "Docs", "{CA548134-8363-49A9-8E18-52E3B7D81465}"
	ProjectSection(SolutionItems) = preProject
		docs\Clean Architecture 2.png = docs\Clean Architecture 2.png
		docs\Clean Architecture.png = docs\Clean Architecture.png
		docs\docker-compose.yml = docs\docker-compose.yml
	EndProjectSection
EndProject
Project("{2150E333-8FDC-42A3-9474-1A3956D46DE8}") = "External", "External", "{20636AB7-8E31-4E1A-BD26-AC2138A07B27}"
EndProject
Project("{2150E333-8FDC-42A3-9474-1A3956D46DE8}") = "Services", "Services", "{AC1A1465-8BF5-4C05-8EB6-335A69AA77DB}"
EndProject
Project("{2150E333-8FDC-42A3-9474-1A3956D46DE8}") = "Shared", "Shared", "{B1453CD3-A334-4213-8FD7-5D4B1C5F43DC}"
EndProject
Project("{2150E333-8FDC-42A3-9474-1A3956D46DE8}") = "Test", "Test", "{FAB2A758-9ECC-4F76-8CC3-BDCDD4848B8F}"
EndProject
Project("{2150E333-8FDC-42A3-9474-1A3956D46DE8}") = "Mobile", "Mobile", "{65E870B5-D617-47E9-8E08-9546E8E89A7E}"
EndProject
Project("{2150E333-8FDC-42A3-9474-1A3956D46DE8}") = "Web", "Web", "{C9426191-E30F-4EEE-86B8-C005D0A9D40D}"
EndProject
Project("{2150E333-8FDC-42A3-9474-1A3956D46DE8}") = "Bootstrapper", "Bootstrapper", "{A89004A6-8B62-41B1-A90B-AE899230F050}"
EndProject
Project("{2150E333-8FDC-42A3-9474-1A3956D46DE8}") = "Web", "Web", "{B47AF43D-FE05-4503-884C-8C65A0F95742}"
EndProject
Project("{9A19103F-16F7-4668-BE54-9A1E7A4F7556}") = "TN.Client.Mobile.BlazorServer", "TN.Client.Mobile.BlazorServer\TN.Client.Mobile.BlazorServer.csproj", "{C5006E3A-A438-41AC-9C22-E37EEA656DFA}"
EndProject
Project("{9A19103F-16F7-4668-BE54-9A1E7A4F7556}") = "TN.Client.Mobile.BlazorWasm", "TN.Client.Mobile.BlazorWasm\TN.Client.Mobile.BlazorWasm.csproj", "{C2A60BFA-7FD1-48CC-91A9-3293EB939FF7}"
EndProject
Project("{2150E333-8FDC-42A3-9474-1A3956D46DE8}") = "Background", "Background", "{FF790976-0CD8-4DC3-B024-5ECCADFAFB5C}"
EndProject
Project("{9A19103F-16F7-4668-BE54-9A1E7A4F7556}") = "TN.Services.Background.WorkerService", "TN.Services.Background.WorkerService\TN.Services.Background.WorkerService.csproj", "{1E66A24D-B43E-433B-A3D0-D61F321B8972}"
EndProject
Project("{2150E333-8FDC-42A3-9474-1A3956D46DE8}") = "Components", "Components", "{04D9959E-2D3C-4ECA-BBDC-45E8DBC7104C}"
EndProject
Project("{9A19103F-16F7-4668-BE54-9A1E7A4F7556}") = "TN.Client.Components.Shared", "TN.Client.Components.Shared\TN.Client.Components.Shared.csproj", "{F9978C4D-23E8-4A56-8CF7-8C6377EB1E12}"
EndProject
Project("{2150E333-8FDC-42A3-9474-1A3956D46DE8}") = "Modules", "Modules", "{5FF09FDB-5E8A-4E1B-BD55-30F8A99B6193}"
EndProject
Project("{2150E333-8FDC-42A3-9474-1A3956D46DE8}") = "Identities", "Identities", "{A947DA45-5F65-4B2F-8DC8-555839368B43}"
EndProject
Project("{2150E333-8FDC-42A3-9474-1A3956D46DE8}") = "Remittances", "Remittances", "{8C28F230-F8CD-4B53-A0B8-56A9F321293B}"
EndProject
Project("{2150E333-8FDC-42A3-9474-1A3956D46DE8}") = "Loggers", "Loggers", "{BFDDCB8E-F789-4F3B-9247-9BB108AA799B}"
EndProject
Project("{2150E333-8FDC-42A3-9474-1A3956D46DE8}") = "Notifications", "Notifications", "{90788598-17DE-4B25-B21C-0100852D3EF4}"
EndProject
Project("{9A19103F-16F7-4668-BE54-9A1E7A4F7556}") = "TN.Admin.Web.ASPCore", "TN.Admin.Web.ASPCore\TN.Admin.Web.ASPCore.csproj", "{84673470-16A5-4822-8E9F-EF8E8FA3B8F5}"
EndProject
Project("{2150E333-8FDC-42A3-9474-1A3956D46DE8}") = "Services", "Services", "{EEAFCBC4-17F9-420B-8EF6-ABB2B8634CBD}"
EndProject
Project("{9A19103F-16F7-4668-BE54-9A1E7A4F7556}") = "TN.Client.Services.Configuration", "TN.Client.Services.Configuration\TN.Client.Services.Configuration.csproj", "{43CB2A7A-BE94-425B-AA8C-A2FFBB72917C}"
EndProject
Project("{9A19103F-16F7-4668-BE54-9A1E7A4F7556}") = "TN.Client.Services.Identity", "TN.Client.Services.Identity\TN.Client.Services.Identity.csproj", "{4B2C6736-B3A0-4561-B4A4-AB8FFA796A2D}"
EndProject
Project("{9A19103F-16F7-4668-BE54-9A1E7A4F7556}") = "TN.Client.Services.Loggers", "TN.Client.Services.Loggers\TN.Client.Services.Loggers.csproj", "{79FCB401-7808-4908-BE02-09FB516B4DE5}"
EndProject
Project("{9A19103F-16F7-4668-BE54-9A1E7A4F7556}") = "TN.Client.Services.Notification", "TN.Client.Services.Notification\TN.Client.Services.Notification.csproj", "{0AA5D3B5-4BE0-460F-9135-ACD6BF8E634E}"
EndProject
Project("{9A19103F-16F7-4668-BE54-9A1E7A4F7556}") = "TN.Client.Services.Remittance", "TN.Client.Services.Remittance\TN.Client.Services.Remittance.csproj", "{CF869921-2B30-47AD-A5CB-F97EC18C452C}"
EndProject
Project("{9A19103F-16F7-4668-BE54-9A1E7A4F7556}") = "TN.Client.Components.Remittance", "TN.Client.Components.Remittance\TN.Client.Components.Remittance.csproj", "{1CB1F8E8-53A9-48FF-AAB9-F7B56CF642CB}"
EndProject
Project("{9A19103F-16F7-4668-BE54-9A1E7A4F7556}") = "TN.Client.Components.Wallet", "TN.Client.Components.Wallet\TN.Client.Components.Wallet.csproj", "{1D888329-8108-464D-8F0B-318D8D3C4580}"
EndProject
Project("{9A19103F-16F7-4668-BE54-9A1E7A4F7556}") = "TN.Services.Bootstrapper.API", "TN.Services.Bootstrapper.API\TN.Services.Bootstrapper.API.csproj", "{E8AD207B-F87A-4CA2-8190-EBDC47D59583}"
EndProject
Project("{9A19103F-16F7-4668-BE54-9A1E7A4F7556}") = "TN.Services.Bootstrapper.Remittance", "TN.Services.Bootstrapper.Remittance\TN.Services.Bootstrapper.Remittance.csproj", "{CC4D9165-4675-4583-BB1C-EBE9DF0312D4}"
EndProject
Project("{2150E333-8FDC-42A3-9474-1A3956D46DE8}") = "Configurations", "Configurations", "{382B57B2-1C7C-4BC2-BFA0-DF4D6224D8F7}"
EndProject
Project("{2150E333-8FDC-42A3-9474-1A3956D46DE8}") = "Utils", "Utils", "{BE92E371-0C63-45EC-8C80-BF1AD35092D4}"
EndProject
Project("{9A19103F-16F7-4668-BE54-9A1E7A4F7556}") = "TN.Shared.Utils.Misc", "TN.Shared.Utils.Misc\TN.Shared.Utils.Misc.csproj", "{6D3D8F25-5C08-4757-BA8F-FF2BA377EBED}"
EndProject
Project("{2150E333-8FDC-42A3-9474-1A3956D46DE8}") = "Buildings", "Buildings", "{F7D2879D-5B64-4BE5-9FEF-CB75ACA5D6AE}"
EndProject
Project("{9A19103F-16F7-4668-BE54-9A1E7A4F7556}") = "TN.Client.Mobile.Cusca", "TN.Client.Mobile.Cusca\TN.Client.Mobile.Cusca.csproj", "{8E3CECB9-1773-4477-A162-31FEBB39CAF4}"
EndProject
Project("{9A19103F-16F7-4668-BE54-9A1E7A4F7556}") = "TN.Client.Mobile.Monis", "TN.Client.Mobile.Monis\TN.Client.Mobile.Monis.csproj", "{4099C592-0E59-4ACD-B9A2-B4A2325A4B21}"
EndProject
Project("{9A19103F-16F7-4668-BE54-9A1E7A4F7556}") = "TN.Modules.Notifications.API", "TN.Modules.Notifications.API\TN.Modules.Notifications.API.csproj", "{18A11E2E-D5DF-424F-8BAF-3254B22E5DF1}"
EndProject
Project("{9A19103F-16F7-4668-BE54-9A1E7A4F7556}") = "TN.Modules.Notifications.Application", "TN.Modules.Notifications.Application\TN.Modules.Notifications.Application.csproj", "{33E9A1CE-74E5-43B7-B2DA-54655B5FF9F7}"
EndProject
Project("{9A19103F-16F7-4668-BE54-9A1E7A4F7556}") = "TN.Modules.Notifications.Domain", "TN.Modules.Notifications.Domain\TN.Modules.Notifications.Domain.csproj", "{23FD33B5-77E7-4786-AFE5-BE0ADD9F4483}"
EndProject
Project("{9A19103F-16F7-4668-BE54-9A1E7A4F7556}") = "TN.Modules.Notifications.Infrastructure", "TN.Modules.Notifications.Infrastructure\TN.Modules.Notifications.Infrastructure.csproj", "{F550118F-4228-4F18-8764-3C5703E80836}"
EndProject
Project("{9A19103F-16F7-4668-BE54-9A1E7A4F7556}") = "TN.Modules.Remittances.API", "TN.Modules.Remittances.API\TN.Modules.Remittances.API.csproj", "{1FFC6B2D-2356-4DDF-88D8-069526526838}"
EndProject
Project("{9A19103F-16F7-4668-BE54-9A1E7A4F7556}") = "TN.Modules.Remittances.Application", "TN.Modules.Remittances.Application\TN.Modules.Remittances.Application.csproj", "{E151DD90-6F57-4B0B-8898-A248B90C611E}"
EndProject
Project("{9A19103F-16F7-4668-BE54-9A1E7A4F7556}") = "TN.Modules.Remittances.Domain", "TN.Modules.Remittances.Domain\TN.Modules.Remittances.Domain.csproj", "{8D1BD115-64B2-4FF3-9170-6F53F4CF5343}"
EndProject
Project("{9A19103F-16F7-4668-BE54-9A1E7A4F7556}") = "TN.Modules.Remittances.Infrastructure", "TN.Modules.Remittances.Infrastructure\TN.Modules.Remittances.Infrastructure.csproj", "{E50085EA-57C0-4557-9626-2DE7B5A3EAFE}"
EndProject
Project("{9A19103F-16F7-4668-BE54-9A1E7A4F7556}") = "TN.Modules.Buildings.Shared", "TN.Modules.Buildings.Shared\TN.Modules.Buildings.Shared.csproj", "{29B63EFE-ECCE-471E-8B9D-F5BFB58DC663}"
EndProject
Project("{9A19103F-16F7-4668-BE54-9A1E7A4F7556}") = "TN.Modules.Configurations.Domain", "TN.Modules.Configurations.Domain\TN.Modules.Configurations.Domain.csproj", "{A84B8396-00DA-401A-A514-41ECCBF58F70}"
EndProject
Project("{9A19103F-16F7-4668-BE54-9A1E7A4F7556}") = "TN.Modules.Configurations.Application", "TN.Modules.Configurations.Application\TN.Modules.Configurations.Application.csproj", "{E6F4A958-0FC0-436E-97C5-FE3E2C310341}"
EndProject
Project("{9A19103F-16F7-4668-BE54-9A1E7A4F7556}") = "TN.Modules.Configurations.Infrastructure", "TN.Modules.Configurations.Infrastructure\TN.Modules.Configurations.Infrastructure.csproj", "{009D079D-A5EC-41C7-9980-2017047CA957}"
EndProject
Project("{9A19103F-16F7-4668-BE54-9A1E7A4F7556}") = "TN.Modules.Configurations.API", "TN.Modules.Configurations.API\TN.Modules.Configurations.API.csproj", "{6DDF7648-EA90-4D02-B761-040537DAC37C}"
EndProject
Project("{9A19103F-16F7-4668-BE54-9A1E7A4F7556}") = "TN.Modules.Identities.Domain", "TN.Modules.Identities.Domain\TN.Modules.Identities.Domain.csproj", "{72207569-BBBA-404E-B4EC-8FF7E69C4CB7}"
EndProject
Project("{9A19103F-16F7-4668-BE54-9A1E7A4F7556}") = "TN.Modules.Identities.Application", "TN.Modules.Identities.Application\TN.Modules.Identities.Application.csproj", "{130ED77D-A03C-471F-AFCC-3C6EF8843DE0}"
EndProject
Project("{9A19103F-16F7-4668-BE54-9A1E7A4F7556}") = "TN.Modules.Identities.Infrastructure", "TN.Modules.Identities.Infrastructure\TN.Modules.Identities.Infrastructure.csproj", "{993C31A1-1465-4943-B8DD-DDC52686B755}"
EndProject
Project("{9A19103F-16F7-4668-BE54-9A1E7A4F7556}") = "TN.Modules.Identities.API", "TN.Modules.Identities.API\TN.Modules.Identities.API.csproj", "{7275C173-A4EF-407C-A03E-B7A57D4A6123}"
EndProject
Project("{9A19103F-16F7-4668-BE54-9A1E7A4F7556}") = "TN.Modules.Loggers.Domain", "TN.Modules.Loggers.Domain\TN.Modules.Loggers.Domain.csproj", "{44DD6190-2691-4D08-BB7F-009E281922B4}"
EndProject
Project("{9A19103F-16F7-4668-BE54-9A1E7A4F7556}") = "TN.Modules.Loggers.Application", "TN.Modules.Loggers.Application\TN.Modules.Loggers.Application.csproj", "{5DC57A72-76ED-4A44-A958-E373757C785C}"
EndProject
Project("{9A19103F-16F7-4668-BE54-9A1E7A4F7556}") = "TN.Modules.Loggers.Infrastructure", "TN.Modules.Loggers.Infrastructure\TN.Modules.Loggers.Infrastructure.csproj", "{770D5609-7657-4865-AA55-B45338603353}"
EndProject
Project("{9A19103F-16F7-4668-BE54-9A1E7A4F7556}") = "TN.Modules.Loggers.API", "TN.Modules.Loggers.API\TN.Modules.Loggers.API.csproj", "{FFDDCE4C-9E05-4BB4-9C10-4B0C9A9A4BE1}"
EndProject
Global
	GlobalSection(SolutionConfigurationPlatforms) = preSolution
		Debug|Any CPU = Debug|Any CPU
		Release|Any CPU = Release|Any CPU
	EndGlobalSection
	GlobalSection(ProjectConfigurationPlatforms) = postSolution
		{C5006E3A-A438-41AC-9C22-E37EEA656DFA}.Debug|Any CPU.ActiveCfg = Debug|Any CPU
		{C5006E3A-A438-41AC-9C22-E37EEA656DFA}.Debug|Any CPU.Build.0 = Debug|Any CPU
		{C5006E3A-A438-41AC-9C22-E37EEA656DFA}.Release|Any CPU.ActiveCfg = Release|Any CPU
		{C5006E3A-A438-41AC-9C22-E37EEA656DFA}.Release|Any CPU.Build.0 = Release|Any CPU
		{C2A60BFA-7FD1-48CC-91A9-3293EB939FF7}.Debug|Any CPU.ActiveCfg = Debug|Any CPU
		{C2A60BFA-7FD1-48CC-91A9-3293EB939FF7}.Debug|Any CPU.Build.0 = Debug|Any CPU
		{C2A60BFA-7FD1-48CC-91A9-3293EB939FF7}.Release|Any CPU.ActiveCfg = Release|Any CPU
		{C2A60BFA-7FD1-48CC-91A9-3293EB939FF7}.Release|Any CPU.Build.0 = Release|Any CPU
		{1E66A24D-B43E-433B-A3D0-D61F321B8972}.Debug|Any CPU.ActiveCfg = Debug|Any CPU
		{1E66A24D-B43E-433B-A3D0-D61F321B8972}.Debug|Any CPU.Build.0 = Debug|Any CPU
		{1E66A24D-B43E-433B-A3D0-D61F321B8972}.Release|Any CPU.ActiveCfg = Release|Any CPU
		{1E66A24D-B43E-433B-A3D0-D61F321B8972}.Release|Any CPU.Build.0 = Release|Any CPU
		{F9978C4D-23E8-4A56-8CF7-8C6377EB1E12}.Debug|Any CPU.ActiveCfg = Debug|Any CPU
		{F9978C4D-23E8-4A56-8CF7-8C6377EB1E12}.Debug|Any CPU.Build.0 = Debug|Any CPU
		{F9978C4D-23E8-4A56-8CF7-8C6377EB1E12}.Release|Any CPU.ActiveCfg = Release|Any CPU
		{F9978C4D-23E8-4A56-8CF7-8C6377EB1E12}.Release|Any CPU.Build.0 = Release|Any CPU
		{84673470-16A5-4822-8E9F-EF8E8FA3B8F5}.Debug|Any CPU.ActiveCfg = Debug|Any CPU
		{84673470-16A5-4822-8E9F-EF8E8FA3B8F5}.Debug|Any CPU.Build.0 = Debug|Any CPU
		{84673470-16A5-4822-8E9F-EF8E8FA3B8F5}.Release|Any CPU.ActiveCfg = Release|Any CPU
		{84673470-16A5-4822-8E9F-EF8E8FA3B8F5}.Release|Any CPU.Build.0 = Release|Any CPU
		{43CB2A7A-BE94-425B-AA8C-A2FFBB72917C}.Debug|Any CPU.ActiveCfg = Debug|Any CPU
		{43CB2A7A-BE94-425B-AA8C-A2FFBB72917C}.Debug|Any CPU.Build.0 = Debug|Any CPU
		{43CB2A7A-BE94-425B-AA8C-A2FFBB72917C}.Release|Any CPU.ActiveCfg = Release|Any CPU
		{43CB2A7A-BE94-425B-AA8C-A2FFBB72917C}.Release|Any CPU.Build.0 = Release|Any CPU
		{4B2C6736-B3A0-4561-B4A4-AB8FFA796A2D}.Debug|Any CPU.ActiveCfg = Debug|Any CPU
		{4B2C6736-B3A0-4561-B4A4-AB8FFA796A2D}.Debug|Any CPU.Build.0 = Debug|Any CPU
		{4B2C6736-B3A0-4561-B4A4-AB8FFA796A2D}.Release|Any CPU.ActiveCfg = Release|Any CPU
		{4B2C6736-B3A0-4561-B4A4-AB8FFA796A2D}.Release|Any CPU.Build.0 = Release|Any CPU
		{79FCB401-7808-4908-BE02-09FB516B4DE5}.Debug|Any CPU.ActiveCfg = Debug|Any CPU
		{79FCB401-7808-4908-BE02-09FB516B4DE5}.Debug|Any CPU.Build.0 = Debug|Any CPU
		{79FCB401-7808-4908-BE02-09FB516B4DE5}.Release|Any CPU.ActiveCfg = Release|Any CPU
		{79FCB401-7808-4908-BE02-09FB516B4DE5}.Release|Any CPU.Build.0 = Release|Any CPU
		{0AA5D3B5-4BE0-460F-9135-ACD6BF8E634E}.Debug|Any CPU.ActiveCfg = Debug|Any CPU
		{0AA5D3B5-4BE0-460F-9135-ACD6BF8E634E}.Debug|Any CPU.Build.0 = Debug|Any CPU
		{0AA5D3B5-4BE0-460F-9135-ACD6BF8E634E}.Release|Any CPU.ActiveCfg = Release|Any CPU
		{0AA5D3B5-4BE0-460F-9135-ACD6BF8E634E}.Release|Any CPU.Build.0 = Release|Any CPU
		{CF869921-2B30-47AD-A5CB-F97EC18C452C}.Debug|Any CPU.ActiveCfg = Debug|Any CPU
		{CF869921-2B30-47AD-A5CB-F97EC18C452C}.Debug|Any CPU.Build.0 = Debug|Any CPU
		{CF869921-2B30-47AD-A5CB-F97EC18C452C}.Release|Any CPU.ActiveCfg = Release|Any CPU
		{CF869921-2B30-47AD-A5CB-F97EC18C452C}.Release|Any CPU.Build.0 = Release|Any CPU
		{1CB1F8E8-53A9-48FF-AAB9-F7B56CF642CB}.Debug|Any CPU.ActiveCfg = Debug|Any CPU
		{1CB1F8E8-53A9-48FF-AAB9-F7B56CF642CB}.Debug|Any CPU.Build.0 = Debug|Any CPU
		{1CB1F8E8-53A9-48FF-AAB9-F7B56CF642CB}.Release|Any CPU.ActiveCfg = Release|Any CPU
		{1CB1F8E8-53A9-48FF-AAB9-F7B56CF642CB}.Release|Any CPU.Build.0 = Release|Any CPU
		{1D888329-8108-464D-8F0B-318D8D3C4580}.Debug|Any CPU.ActiveCfg = Debug|Any CPU
		{1D888329-8108-464D-8F0B-318D8D3C4580}.Debug|Any CPU.Build.0 = Debug|Any CPU
		{1D888329-8108-464D-8F0B-318D8D3C4580}.Release|Any CPU.ActiveCfg = Release|Any CPU
		{1D888329-8108-464D-8F0B-318D8D3C4580}.Release|Any CPU.Build.0 = Release|Any CPU
		{E8AD207B-F87A-4CA2-8190-EBDC47D59583}.Debug|Any CPU.ActiveCfg = Debug|Any CPU
		{E8AD207B-F87A-4CA2-8190-EBDC47D59583}.Debug|Any CPU.Build.0 = Debug|Any CPU
		{E8AD207B-F87A-4CA2-8190-EBDC47D59583}.Release|Any CPU.ActiveCfg = Release|Any CPU
		{E8AD207B-F87A-4CA2-8190-EBDC47D59583}.Release|Any CPU.Build.0 = Release|Any CPU
		{CC4D9165-4675-4583-BB1C-EBE9DF0312D4}.Debug|Any CPU.ActiveCfg = Debug|Any CPU
		{CC4D9165-4675-4583-BB1C-EBE9DF0312D4}.Debug|Any CPU.Build.0 = Debug|Any CPU
		{CC4D9165-4675-4583-BB1C-EBE9DF0312D4}.Release|Any CPU.ActiveCfg = Release|Any CPU
		{CC4D9165-4675-4583-BB1C-EBE9DF0312D4}.Release|Any CPU.Build.0 = Release|Any CPU
		{6D3D8F25-5C08-4757-BA8F-FF2BA377EBED}.Debug|Any CPU.ActiveCfg = Debug|Any CPU
		{6D3D8F25-5C08-4757-BA8F-FF2BA377EBED}.Debug|Any CPU.Build.0 = Debug|Any CPU
		{6D3D8F25-5C08-4757-BA8F-FF2BA377EBED}.Release|Any CPU.ActiveCfg = Release|Any CPU
		{6D3D8F25-5C08-4757-BA8F-FF2BA377EBED}.Release|Any CPU.Build.0 = Release|Any CPU
		{8E3CECB9-1773-4477-A162-31FEBB39CAF4}.Debug|Any CPU.ActiveCfg = Debug|Any CPU
		{8E3CECB9-1773-4477-A162-31FEBB39CAF4}.Debug|Any CPU.Build.0 = Debug|Any CPU
		{8E3CECB9-1773-4477-A162-31FEBB39CAF4}.Debug|Any CPU.Deploy.0 = Debug|Any CPU
		{8E3CECB9-1773-4477-A162-31FEBB39CAF4}.Release|Any CPU.ActiveCfg = Release|Any CPU
		{8E3CECB9-1773-4477-A162-31FEBB39CAF4}.Release|Any CPU.Build.0 = Release|Any CPU
		{8E3CECB9-1773-4477-A162-31FEBB39CAF4}.Release|Any CPU.Deploy.0 = Release|Any CPU
		{4099C592-0E59-4ACD-B9A2-B4A2325A4B21}.Debug|Any CPU.ActiveCfg = Debug|Any CPU
		{4099C592-0E59-4ACD-B9A2-B4A2325A4B21}.Debug|Any CPU.Build.0 = Debug|Any CPU
		{4099C592-0E59-4ACD-B9A2-B4A2325A4B21}.Debug|Any CPU.Deploy.0 = Debug|Any CPU
		{4099C592-0E59-4ACD-B9A2-B4A2325A4B21}.Release|Any CPU.ActiveCfg = Release|Any CPU
		{4099C592-0E59-4ACD-B9A2-B4A2325A4B21}.Release|Any CPU.Build.0 = Release|Any CPU
		{4099C592-0E59-4ACD-B9A2-B4A2325A4B21}.Release|Any CPU.Deploy.0 = Release|Any CPU
		{18A11E2E-D5DF-424F-8BAF-3254B22E5DF1}.Debug|Any CPU.ActiveCfg = Debug|Any CPU
		{18A11E2E-D5DF-424F-8BAF-3254B22E5DF1}.Debug|Any CPU.Build.0 = Debug|Any CPU
		{18A11E2E-D5DF-424F-8BAF-3254B22E5DF1}.Release|Any CPU.ActiveCfg = Release|Any CPU
		{18A11E2E-D5DF-424F-8BAF-3254B22E5DF1}.Release|Any CPU.Build.0 = Release|Any CPU
		{33E9A1CE-74E5-43B7-B2DA-54655B5FF9F7}.Debug|Any CPU.ActiveCfg = Debug|Any CPU
		{33E9A1CE-74E5-43B7-B2DA-54655B5FF9F7}.Debug|Any CPU.Build.0 = Debug|Any CPU
		{33E9A1CE-74E5-43B7-B2DA-54655B5FF9F7}.Release|Any CPU.ActiveCfg = Release|Any CPU
		{33E9A1CE-74E5-43B7-B2DA-54655B5FF9F7}.Release|Any CPU.Build.0 = Release|Any CPU
		{23FD33B5-77E7-4786-AFE5-BE0ADD9F4483}.Debug|Any CPU.ActiveCfg = Debug|Any CPU
		{23FD33B5-77E7-4786-AFE5-BE0ADD9F4483}.Debug|Any CPU.Build.0 = Debug|Any CPU
		{23FD33B5-77E7-4786-AFE5-BE0ADD9F4483}.Release|Any CPU.ActiveCfg = Release|Any CPU
		{23FD33B5-77E7-4786-AFE5-BE0ADD9F4483}.Release|Any CPU.Build.0 = Release|Any CPU
		{F550118F-4228-4F18-8764-3C5703E80836}.Debug|Any CPU.ActiveCfg = Debug|Any CPU
		{F550118F-4228-4F18-8764-3C5703E80836}.Debug|Any CPU.Build.0 = Debug|Any CPU
		{F550118F-4228-4F18-8764-3C5703E80836}.Release|Any CPU.ActiveCfg = Release|Any CPU
		{F550118F-4228-4F18-8764-3C5703E80836}.Release|Any CPU.Build.0 = Release|Any CPU
		{1FFC6B2D-2356-4DDF-88D8-069526526838}.Debug|Any CPU.ActiveCfg = Debug|Any CPU
		{1FFC6B2D-2356-4DDF-88D8-069526526838}.Debug|Any CPU.Build.0 = Debug|Any CPU
		{1FFC6B2D-2356-4DDF-88D8-069526526838}.Release|Any CPU.ActiveCfg = Release|Any CPU
		{1FFC6B2D-2356-4DDF-88D8-069526526838}.Release|Any CPU.Build.0 = Release|Any CPU
		{E151DD90-6F57-4B0B-8898-A248B90C611E}.Debug|Any CPU.ActiveCfg = Debug|Any CPU
		{E151DD90-6F57-4B0B-8898-A248B90C611E}.Debug|Any CPU.Build.0 = Debug|Any CPU
		{E151DD90-6F57-4B0B-8898-A248B90C611E}.Release|Any CPU.ActiveCfg = Release|Any CPU
		{E151DD90-6F57-4B0B-8898-A248B90C611E}.Release|Any CPU.Build.0 = Release|Any CPU
		{8D1BD115-64B2-4FF3-9170-6F53F4CF5343}.Debug|Any CPU.ActiveCfg = Debug|Any CPU
		{8D1BD115-64B2-4FF3-9170-6F53F4CF5343}.Debug|Any CPU.Build.0 = Debug|Any CPU
		{8D1BD115-64B2-4FF3-9170-6F53F4CF5343}.Release|Any CPU.ActiveCfg = Release|Any CPU
		{8D1BD115-64B2-4FF3-9170-6F53F4CF5343}.Release|Any CPU.Build.0 = Release|Any CPU
		{E50085EA-57C0-4557-9626-2DE7B5A3EAFE}.Debug|Any CPU.ActiveCfg = Debug|Any CPU
		{E50085EA-57C0-4557-9626-2DE7B5A3EAFE}.Debug|Any CPU.Build.0 = Debug|Any CPU
		{E50085EA-57C0-4557-9626-2DE7B5A3EAFE}.Release|Any CPU.ActiveCfg = Release|Any CPU
		{E50085EA-57C0-4557-9626-2DE7B5A3EAFE}.Release|Any CPU.Build.0 = Release|Any CPU
		{29B63EFE-ECCE-471E-8B9D-F5BFB58DC663}.Debug|Any CPU.ActiveCfg = Debug|Any CPU
		{29B63EFE-ECCE-471E-8B9D-F5BFB58DC663}.Debug|Any CPU.Build.0 = Debug|Any CPU
		{29B63EFE-ECCE-471E-8B9D-F5BFB58DC663}.Release|Any CPU.ActiveCfg = Release|Any CPU
		{29B63EFE-ECCE-471E-8B9D-F5BFB58DC663}.Release|Any CPU.Build.0 = Release|Any CPU
		{A84B8396-00DA-401A-A514-41ECCBF58F70}.Debug|Any CPU.ActiveCfg = Debug|Any CPU
		{A84B8396-00DA-401A-A514-41ECCBF58F70}.Debug|Any CPU.Build.0 = Debug|Any CPU
		{A84B8396-00DA-401A-A514-41ECCBF58F70}.Release|Any CPU.ActiveCfg = Release|Any CPU
		{A84B8396-00DA-401A-A514-41ECCBF58F70}.Release|Any CPU.Build.0 = Release|Any CPU
		{E6F4A958-0FC0-436E-97C5-FE3E2C310341}.Debug|Any CPU.ActiveCfg = Debug|Any CPU
		{E6F4A958-0FC0-436E-97C5-FE3E2C310341}.Debug|Any CPU.Build.0 = Debug|Any CPU
		{E6F4A958-0FC0-436E-97C5-FE3E2C310341}.Release|Any CPU.ActiveCfg = Release|Any CPU
		{E6F4A958-0FC0-436E-97C5-FE3E2C310341}.Release|Any CPU.Build.0 = Release|Any CPU
		{009D079D-A5EC-41C7-9980-2017047CA957}.Debug|Any CPU.ActiveCfg = Debug|Any CPU
		{009D079D-A5EC-41C7-9980-2017047CA957}.Debug|Any CPU.Build.0 = Debug|Any CPU
		{009D079D-A5EC-41C7-9980-2017047CA957}.Release|Any CPU.ActiveCfg = Release|Any CPU
		{009D079D-A5EC-41C7-9980-2017047CA957}.Release|Any CPU.Build.0 = Release|Any CPU
		{6DDF7648-EA90-4D02-B761-040537DAC37C}.Debug|Any CPU.ActiveCfg = Debug|Any CPU
		{6DDF7648-EA90-4D02-B761-040537DAC37C}.Debug|Any CPU.Build.0 = Debug|Any CPU
		{6DDF7648-EA90-4D02-B761-040537DAC37C}.Release|Any CPU.ActiveCfg = Release|Any CPU
		{6DDF7648-EA90-4D02-B761-040537DAC37C}.Release|Any CPU.Build.0 = Release|Any CPU
		{72207569-BBBA-404E-B4EC-8FF7E69C4CB7}.Debug|Any CPU.ActiveCfg = Debug|Any CPU
		{72207569-BBBA-404E-B4EC-8FF7E69C4CB7}.Debug|Any CPU.Build.0 = Debug|Any CPU
		{72207569-BBBA-404E-B4EC-8FF7E69C4CB7}.Release|Any CPU.ActiveCfg = Release|Any CPU
		{72207569-BBBA-404E-B4EC-8FF7E69C4CB7}.Release|Any CPU.Build.0 = Release|Any CPU
		{130ED77D-A03C-471F-AFCC-3C6EF8843DE0}.Debug|Any CPU.ActiveCfg = Debug|Any CPU
		{130ED77D-A03C-471F-AFCC-3C6EF8843DE0}.Debug|Any CPU.Build.0 = Debug|Any CPU
		{130ED77D-A03C-471F-AFCC-3C6EF8843DE0}.Release|Any CPU.ActiveCfg = Release|Any CPU
		{130ED77D-A03C-471F-AFCC-3C6EF8843DE0}.Release|Any CPU.Build.0 = Release|Any CPU
		{993C31A1-1465-4943-B8DD-DDC52686B755}.Debug|Any CPU.ActiveCfg = Debug|Any CPU
		{993C31A1-1465-4943-B8DD-DDC52686B755}.Debug|Any CPU.Build.0 = Debug|Any CPU
		{993C31A1-1465-4943-B8DD-DDC52686B755}.Release|Any CPU.ActiveCfg = Release|Any CPU
		{993C31A1-1465-4943-B8DD-DDC52686B755}.Release|Any CPU.Build.0 = Release|Any CPU
		{7275C173-A4EF-407C-A03E-B7A57D4A6123}.Debug|Any CPU.ActiveCfg = Debug|Any CPU
		{7275C173-A4EF-407C-A03E-B7A57D4A6123}.Debug|Any CPU.Build.0 = Debug|Any CPU
		{7275C173-A4EF-407C-A03E-B7A57D4A6123}.Release|Any CPU.ActiveCfg = Release|Any CPU
		{7275C173-A4EF-407C-A03E-B7A57D4A6123}.Release|Any CPU.Build.0 = Release|Any CPU
		{44DD6190-2691-4D08-BB7F-009E281922B4}.Debug|Any CPU.ActiveCfg = Debug|Any CPU
		{44DD6190-2691-4D08-BB7F-009E281922B4}.Debug|Any CPU.Build.0 = Debug|Any CPU
		{44DD6190-2691-4D08-BB7F-009E281922B4}.Release|Any CPU.ActiveCfg = Release|Any CPU
		{44DD6190-2691-4D08-BB7F-009E281922B4}.Release|Any CPU.Build.0 = Release|Any CPU
		{5DC57A72-76ED-4A44-A958-E373757C785C}.Debug|Any CPU.ActiveCfg = Debug|Any CPU
		{5DC57A72-76ED-4A44-A958-E373757C785C}.Debug|Any CPU.Build.0 = Debug|Any CPU
		{5DC57A72-76ED-4A44-A958-E373757C785C}.Release|Any CPU.ActiveCfg = Release|Any CPU
		{5DC57A72-76ED-4A44-A958-E373757C785C}.Release|Any CPU.Build.0 = Release|Any CPU
		{770D5609-7657-4865-AA55-B45338603353}.Debug|Any CPU.ActiveCfg = Debug|Any CPU
		{770D5609-7657-4865-AA55-B45338603353}.Debug|Any CPU.Build.0 = Debug|Any CPU
		{770D5609-7657-4865-AA55-B45338603353}.Release|Any CPU.ActiveCfg = Release|Any CPU
		{770D5609-7657-4865-AA55-B45338603353}.Release|Any CPU.Build.0 = Release|Any CPU
		{FFDDCE4C-9E05-4BB4-9C10-4B0C9A9A4BE1}.Debug|Any CPU.ActiveCfg = Debug|Any CPU
		{FFDDCE4C-9E05-4BB4-9C10-4B0C9A9A4BE1}.Debug|Any CPU.Build.0 = Debug|Any CPU
		{FFDDCE4C-9E05-4BB4-9C10-4B0C9A9A4BE1}.Release|Any CPU.ActiveCfg = Release|Any CPU
		{FFDDCE4C-9E05-4BB4-9C10-4B0C9A9A4BE1}.Release|Any CPU.Build.0 = Release|Any CPU
	EndGlobalSection
	GlobalSection(SolutionProperties) = preSolution
		HideSolutionNode = FALSE
	EndGlobalSection
	GlobalSection(NestedProjects) = preSolution
		{65E870B5-D617-47E9-8E08-9546E8E89A7E} = {D2F9FF77-11D7-4261-B67B-A98EEF888F50}
		{C9426191-E30F-4EEE-86B8-C005D0A9D40D} = {D2F9FF77-11D7-4261-B67B-A98EEF888F50}
		{A89004A6-8B62-41B1-A90B-AE899230F050} = {AC1A1465-8BF5-4C05-8EB6-335A69AA77DB}
		{B47AF43D-FE05-4503-884C-8C65A0F95742} = {4F215CF4-8CE6-4784-AD35-FF53AF061E85}
		{C5006E3A-A438-41AC-9C22-E37EEA656DFA} = {C9426191-E30F-4EEE-86B8-C005D0A9D40D}
		{C2A60BFA-7FD1-48CC-91A9-3293EB939FF7} = {C9426191-E30F-4EEE-86B8-C005D0A9D40D}
		{FF790976-0CD8-4DC3-B024-5ECCADFAFB5C} = {AC1A1465-8BF5-4C05-8EB6-335A69AA77DB}
		{1E66A24D-B43E-433B-A3D0-D61F321B8972} = {FF790976-0CD8-4DC3-B024-5ECCADFAFB5C}
		{04D9959E-2D3C-4ECA-BBDC-45E8DBC7104C} = {D2F9FF77-11D7-4261-B67B-A98EEF888F50}
		{F9978C4D-23E8-4A56-8CF7-8C6377EB1E12} = {04D9959E-2D3C-4ECA-BBDC-45E8DBC7104C}
		{A947DA45-5F65-4B2F-8DC8-555839368B43} = {5FF09FDB-5E8A-4E1B-BD55-30F8A99B6193}
		{8C28F230-F8CD-4B53-A0B8-56A9F321293B} = {5FF09FDB-5E8A-4E1B-BD55-30F8A99B6193}
		{BFDDCB8E-F789-4F3B-9247-9BB108AA799B} = {5FF09FDB-5E8A-4E1B-BD55-30F8A99B6193}
		{90788598-17DE-4B25-B21C-0100852D3EF4} = {5FF09FDB-5E8A-4E1B-BD55-30F8A99B6193}
		{84673470-16A5-4822-8E9F-EF8E8FA3B8F5} = {B47AF43D-FE05-4503-884C-8C65A0F95742}
		{EEAFCBC4-17F9-420B-8EF6-ABB2B8634CBD} = {D2F9FF77-11D7-4261-B67B-A98EEF888F50}
		{43CB2A7A-BE94-425B-AA8C-A2FFBB72917C} = {EEAFCBC4-17F9-420B-8EF6-ABB2B8634CBD}
		{4B2C6736-B3A0-4561-B4A4-AB8FFA796A2D} = {EEAFCBC4-17F9-420B-8EF6-ABB2B8634CBD}
		{79FCB401-7808-4908-BE02-09FB516B4DE5} = {EEAFCBC4-17F9-420B-8EF6-ABB2B8634CBD}
		{0AA5D3B5-4BE0-460F-9135-ACD6BF8E634E} = {EEAFCBC4-17F9-420B-8EF6-ABB2B8634CBD}
		{CF869921-2B30-47AD-A5CB-F97EC18C452C} = {EEAFCBC4-17F9-420B-8EF6-ABB2B8634CBD}
		{1CB1F8E8-53A9-48FF-AAB9-F7B56CF642CB} = {04D9959E-2D3C-4ECA-BBDC-45E8DBC7104C}
		{1D888329-8108-464D-8F0B-318D8D3C4580} = {04D9959E-2D3C-4ECA-BBDC-45E8DBC7104C}
		{E8AD207B-F87A-4CA2-8190-EBDC47D59583} = {A89004A6-8B62-41B1-A90B-AE899230F050}
		{CC4D9165-4675-4583-BB1C-EBE9DF0312D4} = {A89004A6-8B62-41B1-A90B-AE899230F050}
		{382B57B2-1C7C-4BC2-BFA0-DF4D6224D8F7} = {5FF09FDB-5E8A-4E1B-BD55-30F8A99B6193}
		{BE92E371-0C63-45EC-8C80-BF1AD35092D4} = {B1453CD3-A334-4213-8FD7-5D4B1C5F43DC}
		{6D3D8F25-5C08-4757-BA8F-FF2BA377EBED} = {BE92E371-0C63-45EC-8C80-BF1AD35092D4}
		{F7D2879D-5B64-4BE5-9FEF-CB75ACA5D6AE} = {5FF09FDB-5E8A-4E1B-BD55-30F8A99B6193}
		{8E3CECB9-1773-4477-A162-31FEBB39CAF4} = {65E870B5-D617-47E9-8E08-9546E8E89A7E}
		{4099C592-0E59-4ACD-B9A2-B4A2325A4B21} = {65E870B5-D617-47E9-8E08-9546E8E89A7E}
		{18A11E2E-D5DF-424F-8BAF-3254B22E5DF1} = {90788598-17DE-4B25-B21C-0100852D3EF4}
		{33E9A1CE-74E5-43B7-B2DA-54655B5FF9F7} = {90788598-17DE-4B25-B21C-0100852D3EF4}
		{23FD33B5-77E7-4786-AFE5-BE0ADD9F4483} = {90788598-17DE-4B25-B21C-0100852D3EF4}
		{F550118F-4228-4F18-8764-3C5703E80836} = {90788598-17DE-4B25-B21C-0100852D3EF4}
		{1FFC6B2D-2356-4DDF-88D8-069526526838} = {8C28F230-F8CD-4B53-A0B8-56A9F321293B}
		{E151DD90-6F57-4B0B-8898-A248B90C611E} = {8C28F230-F8CD-4B53-A0B8-56A9F321293B}
		{8D1BD115-64B2-4FF3-9170-6F53F4CF5343} = {8C28F230-F8CD-4B53-A0B8-56A9F321293B}
		{E50085EA-57C0-4557-9626-2DE7B5A3EAFE} = {8C28F230-F8CD-4B53-A0B8-56A9F321293B}
		{29B63EFE-ECCE-471E-8B9D-F5BFB58DC663} = {F7D2879D-5B64-4BE5-9FEF-CB75ACA5D6AE}
		{A84B8396-00DA-401A-A514-41ECCBF58F70} = {382B57B2-1C7C-4BC2-BFA0-DF4D6224D8F7}
		{E6F4A958-0FC0-436E-97C5-FE3E2C310341} = {382B57B2-1C7C-4BC2-BFA0-DF4D6224D8F7}
		{009D079D-A5EC-41C7-9980-2017047CA957} = {382B57B2-1C7C-4BC2-BFA0-DF4D6224D8F7}
		{6DDF7648-EA90-4D02-B761-040537DAC37C} = {382B57B2-1C7C-4BC2-BFA0-DF4D6224D8F7}
		{72207569-BBBA-404E-B4EC-8FF7E69C4CB7} = {A947DA45-5F65-4B2F-8DC8-555839368B43}
		{130ED77D-A03C-471F-AFCC-3C6EF8843DE0} = {A947DA45-5F65-4B2F-8DC8-555839368B43}
		{993C31A1-1465-4943-B8DD-DDC52686B755} = {A947DA45-5F65-4B2F-8DC8-555839368B43}
		{7275C173-A4EF-407C-A03E-B7A57D4A6123} = {A947DA45-5F65-4B2F-8DC8-555839368B43}
		{44DD6190-2691-4D08-BB7F-009E281922B4} = {BFDDCB8E-F789-4F3B-9247-9BB108AA799B}
		{5DC57A72-76ED-4A44-A958-E373757C785C} = {BFDDCB8E-F789-4F3B-9247-9BB108AA799B}
		{770D5609-7657-4865-AA55-B45338603353} = {BFDDCB8E-F789-4F3B-9247-9BB108AA799B}
		{FFDDCE4C-9E05-4BB4-9C10-4B0C9A9A4BE1} = {BFDDCB8E-F789-4F3B-9247-9BB108AA799B}
	EndGlobalSection
	GlobalSection(ExtensibilityGlobals) = postSolution
		SolutionGuid = {D8F5BE56-E887-478D-B4E3-E6E9F89342CD}
	EndGlobalSection
EndGlobal
