
Microsoft Visual Studio Solution File, Format Version 12.00
# Visual Studio Version 16
VisualStudioVersion = 25.0.1705.2
MinimumVisualStudioVersion = 10.0.40219.1
Project("{FAE04EC0-301F-11D3-BF4B-00C04F79EFBC}") = "TN.Client.Components.Shared", "TN.Client.Components.Shared.csproj", "{44F52215-F2FF-4EE2-9186-2E9FE3AAD6BC}"
EndProject
Global
	GlobalSection(SolutionConfigurationPlatforms) = preSolution
		Debug|Any CPU = Debug|Any CPU
		Release|Any CPU = Release|Any CPU
	EndGlobalSection
	GlobalSection(ProjectConfigurationPlatforms) = postSolution
		{44F52215-F2FF-4EE2-9186-2E9FE3AAD6BC}.Debug|Any CPU.ActiveCfg = Debug|Any CPU
		{44F52215-F2FF-4EE2-9186-2E9FE3AAD6BC}.Debug|Any CPU.Build.0 = Debug|Any CPU
		{44F52215-F2FF-4EE2-9186-2E9FE3AAD6BC}.Release|Any CPU.ActiveCfg = Release|Any CPU
		{44F52215-F2FF-4EE2-9186-2E9FE3AAD6BC}.Release|Any CPU.Build.0 = Release|Any CPU
	EndGlobalSection
	GlobalSection(SolutionProperties) = preSolution
		HideSolutionNode = FALSE
	EndGlobalSection
	GlobalSection(ExtensibilityGlobals) = postSolution
		SolutionGuid = {3C5CD0D3-8252-443D-8ECB-CA3F174C51DD}
	EndGlobalSection
EndGlobal
